// !$*UTF8*$!
{
	archiveVersion = 1;
	classes = {
	};
	objectVersion = 51;
	objects = {

/* Begin PBXBuildFile section */
		3404B881230C1ACB004CFA91 /* CQMainNavController.swift in Sources */ = {isa = PBXBuildFile; fileRef = 3404B880230C1ACB004CFA91 /* CQMainNavController.swift */; };
		3404B883230C2663004CFA91 /* CQMainController.swift in Sources */ = {isa = PBXBuildFile; fileRef = 3404B882230C2663004CFA91 /* CQMainController.swift */; };
		3404B885230C29A9004CFA91 /* CQMainCell.swift in Sources */ = {isa = PBXBuildFile; fileRef = 3404B884230C29A9004CFA91 /* CQMainCell.swift */; };
		3404E6CD2311137C00014104 /* CQTableViewController.swift in Sources */ = {isa = PBXBuildFile; fileRef = 3404E6CC2311137C00014104 /* CQTableViewController.swift */; };
		3404E6CF231117CE00014104 /* CQTableViewModel.swift in Sources */ = {isa = PBXBuildFile; fileRef = 3404E6CE231117CE00014104 /* CQTableViewModel.swift */; };
		3412C450230D2EDF0048A095 /* CQCollectionViewController.swift in Sources */ = {isa = PBXBuildFile; fileRef = 3412C44F230D2EDF0048A095 /* CQCollectionViewController.swift */; };
		3412C452230D2F400048A095 /* CQCollectionViewCell.swift in Sources */ = {isa = PBXBuildFile; fileRef = 3412C451230D2F400048A095 /* CQCollectionViewCell.swift */; };
		3412C455230D36DF0048A095 /* CQConstant.swift in Sources */ = {isa = PBXBuildFile; fileRef = 3412C454230D36DF0048A095 /* CQConstant.swift */; };
		3412C460230D3CC30048A095 /* UIColor+CQExtension.swift in Sources */ = {isa = PBXBuildFile; fileRef = 3412C45F230D3CC30048A095 /* UIColor+CQExtension.swift */; };
		3412C462230D44380048A095 /* UIView+CQExtension.swift in Sources */ = {isa = PBXBuildFile; fileRef = 3412C461230D44370048A095 /* UIView+CQExtension.swift */; };
		3419702B235D475200E154A2 /* qrcode.metal in Sources */ = {isa = PBXBuildFile; fileRef = 3419702A235D475200E154A2 /* qrcode.metal */; };
		342C1C15235949AA0058E583 /* CQMetalFirstController.swift in Sources */ = {isa = PBXBuildFile; fileRef = 342C1C14235949AA0058E583 /* CQMetalFirstController.swift */; };
		342C1C17235949C20058E583 /* Shader.metal in Sources */ = {isa = PBXBuildFile; fileRef = 342C1C16235949C20058E583 /* Shader.metal */; };
		342C1C1923594DA40058E583 /* CQMetalSecondController.swift in Sources */ = {isa = PBXBuildFile; fileRef = 342C1C1823594DA40058E583 /* CQMetalSecondController.swift */; };
		34744DF922EDEA9D007F52DC /* AppDelegate.swift in Sources */ = {isa = PBXBuildFile; fileRef = 34744DF822EDEA9D007F52DC /* AppDelegate.swift */; };
		34744DFE22EDEA9D007F52DC /* Main.storyboard in Resources */ = {isa = PBXBuildFile; fileRef = 34744DFC22EDEA9D007F52DC /* Main.storyboard */; };
		34744E0022EDEA9F007F52DC /* Assets.xcassets in Resources */ = {isa = PBXBuildFile; fileRef = 34744DFF22EDEA9F007F52DC /* Assets.xcassets */; };
		34744E0322EDEA9F007F52DC /* LaunchScreen.storyboard in Resources */ = {isa = PBXBuildFile; fileRef = 34744E0122EDEA9F007F52DC /* LaunchScreen.storyboard */; };
		34744E0E22EDEA9F007F52DC /* CQSwiftTests.swift in Sources */ = {isa = PBXBuildFile; fileRef = 34744E0D22EDEA9F007F52DC /* CQSwiftTests.swift */; };
		34744E1922EDEA9F007F52DC /* CQSwiftUITests.swift in Sources */ = {isa = PBXBuildFile; fileRef = 34744E1822EDEA9F007F52DC /* CQSwiftUITests.swift */; };
		34C1A3B3231658250079A935 /* CQMainHeaderView.swift in Sources */ = {isa = PBXBuildFile; fileRef = 34C1A3B2231658250079A935 /* CQMainHeaderView.swift */; };
		34C1A3B62316598F0079A935 /* CQWaveView.swift in Sources */ = {isa = PBXBuildFile; fileRef = 34C1A3B52316598F0079A935 /* CQWaveView.swift */; };
		34C1F5F9233F9DD6004F3146 /* CQRXDriverVC.swift in Sources */ = {isa = PBXBuildFile; fileRef = 34C1F5F8233F9DD6004F3146 /* CQRXDriverVC.swift */; };
		34D6A5A6232B348500B740CA /* CQRXSwifObservableVC.swift in Sources */ = {isa = PBXBuildFile; fileRef = 34D6A5A5232B348500B740CA /* CQRXSwifObservableVC.swift */; };
		34ECF8C62335BDA800DDF8BD /* CQRXSwiftUIObserverableVC.swift in Sources */ = {isa = PBXBuildFile; fileRef = 34ECF8C52335BDA800DDF8BD /* CQRXSwiftUIObserverableVC.swift */; };
		34ECF8C82335BDCE00DDF8BD /* CQRXSwiftUIObserverableVC.storyboard in Resources */ = {isa = PBXBuildFile; fileRef = 34ECF8C72335BDCE00DDF8BD /* CQRXSwiftUIObserverableVC.storyboard */; };
		58B6657D117F6F09A2A3668C /* Pods_CQSwift.framework in Frameworks */ = {isa = PBXBuildFile; fileRef = 2FEE63F04346C3CAF9CEA536 /* Pods_CQSwift.framework */; };
/* End PBXBuildFile section */

/* Begin PBXContainerItemProxy section */
		34744E0A22EDEA9F007F52DC /* PBXContainerItemProxy */ = {
			isa = PBXContainerItemProxy;
			containerPortal = 34744DED22EDEA9D007F52DC /* Project object */;
			proxyType = 1;
			remoteGlobalIDString = 34744DF422EDEA9D007F52DC;
			remoteInfo = CQSwift;
		};
		34744E1522EDEA9F007F52DC /* PBXContainerItemProxy */ = {
			isa = PBXContainerItemProxy;
			containerPortal = 34744DED22EDEA9D007F52DC /* Project object */;
			proxyType = 1;
			remoteGlobalIDString = 34744DF422EDEA9D007F52DC;
			remoteInfo = CQSwift;
		};
/* End PBXContainerItemProxy section */

/* Begin PBXFileReference section */
		2FEE63F04346C3CAF9CEA536 /* Pods_CQSwift.framework */ = {isa = PBXFileReference; explicitFileType = wrapper.framework; includeInIndex = 0; path = Pods_CQSwift.framework; sourceTree = BUILT_PRODUCTS_DIR; };
		3404B880230C1ACB004CFA91 /* CQMainNavController.swift */ = {isa = PBXFileReference; lastKnownFileType = sourcecode.swift; path = CQMainNavController.swift; sourceTree = "<group>"; };
		3404B882230C2663004CFA91 /* CQMainController.swift */ = {isa = PBXFileReference; lastKnownFileType = sourcecode.swift; path = CQMainController.swift; sourceTree = "<group>"; };
		3404B884230C29A9004CFA91 /* CQMainCell.swift */ = {isa = PBXFileReference; lastKnownFileType = sourcecode.swift; path = CQMainCell.swift; sourceTree = "<group>"; };
		3404E6CC2311137C00014104 /* CQTableViewController.swift */ = {isa = PBXFileReference; lastKnownFileType = sourcecode.swift; path = CQTableViewController.swift; sourceTree = "<group>"; };
		3404E6CE231117CE00014104 /* CQTableViewModel.swift */ = {isa = PBXFileReference; lastKnownFileType = sourcecode.swift; path = CQTableViewModel.swift; sourceTree = "<group>"; };
		3412C44F230D2EDF0048A095 /* CQCollectionViewController.swift */ = {isa = PBXFileReference; lastKnownFileType = sourcecode.swift; path = CQCollectionViewController.swift; sourceTree = "<group>"; };
		3412C451230D2F400048A095 /* CQCollectionViewCell.swift */ = {isa = PBXFileReference; lastKnownFileType = sourcecode.swift; path = CQCollectionViewCell.swift; sourceTree = "<group>"; };
		3412C454230D36DF0048A095 /* CQConstant.swift */ = {isa = PBXFileReference; lastKnownFileType = sourcecode.swift; path = CQConstant.swift; sourceTree = "<group>"; };
		3412C45F230D3CC30048A095 /* UIColor+CQExtension.swift */ = {isa = PBXFileReference; lastKnownFileType = sourcecode.swift; path = "UIColor+CQExtension.swift"; sourceTree = "<group>"; };
		3412C461230D44370048A095 /* UIView+CQExtension.swift */ = {isa = PBXFileReference; fileEncoding = 4; lastKnownFileType = sourcecode.swift; path = "UIView+CQExtension.swift"; sourceTree = "<group>"; };
		3419702A235D475200E154A2 /* qrcode.metal */ = {isa = PBXFileReference; lastKnownFileType = sourcecode.metal; path = qrcode.metal; sourceTree = "<group>"; };
		342C1C14235949AA0058E583 /* CQMetalFirstController.swift */ = {isa = PBXFileReference; lastKnownFileType = sourcecode.swift; path = CQMetalFirstController.swift; sourceTree = "<group>"; };
		342C1C16235949C20058E583 /* Shader.metal */ = {isa = PBXFileReference; lastKnownFileType = sourcecode.metal; path = Shader.metal; sourceTree = "<group>"; };
		342C1C1823594DA40058E583 /* CQMetalSecondController.swift */ = {isa = PBXFileReference; lastKnownFileType = sourcecode.swift; path = CQMetalSecondController.swift; sourceTree = "<group>"; };
		34744DF522EDEA9D007F52DC /* CQSwift.app */ = {isa = PBXFileReference; explicitFileType = wrapper.application; includeInIndex = 0; path = CQSwift.app; sourceTree = BUILT_PRODUCTS_DIR; };
		34744DF822EDEA9D007F52DC /* AppDelegate.swift */ = {isa = PBXFileReference; lastKnownFileType = sourcecode.swift; path = AppDelegate.swift; sourceTree = "<group>"; };
		34744DFD22EDEA9D007F52DC /* Base */ = {isa = PBXFileReference; lastKnownFileType = file.storyboard; name = Base; path = Base.lproj/Main.storyboard; sourceTree = "<group>"; };
		34744DFF22EDEA9F007F52DC /* Assets.xcassets */ = {isa = PBXFileReference; lastKnownFileType = folder.assetcatalog; path = Assets.xcassets; sourceTree = "<group>"; };
		34744E0222EDEA9F007F52DC /* Base */ = {isa = PBXFileReference; lastKnownFileType = file.storyboard; name = Base; path = Base.lproj/LaunchScreen.storyboard; sourceTree = "<group>"; };
		34744E0422EDEA9F007F52DC /* Info.plist */ = {isa = PBXFileReference; lastKnownFileType = text.plist.xml; path = Info.plist; sourceTree = "<group>"; };
		34744E0922EDEA9F007F52DC /* CQSwiftTests.xctest */ = {isa = PBXFileReference; explicitFileType = wrapper.cfbundle; includeInIndex = 0; path = CQSwiftTests.xctest; sourceTree = BUILT_PRODUCTS_DIR; };
		34744E0D22EDEA9F007F52DC /* CQSwiftTests.swift */ = {isa = PBXFileReference; lastKnownFileType = sourcecode.swift; path = CQSwiftTests.swift; sourceTree = "<group>"; };
		34744E0F22EDEA9F007F52DC /* Info.plist */ = {isa = PBXFileReference; lastKnownFileType = text.plist.xml; path = Info.plist; sourceTree = "<group>"; };
		34744E1422EDEA9F007F52DC /* CQSwiftUITests.xctest */ = {isa = PBXFileReference; explicitFileType = wrapper.cfbundle; includeInIndex = 0; path = CQSwiftUITests.xctest; sourceTree = BUILT_PRODUCTS_DIR; };
		34744E1822EDEA9F007F52DC /* CQSwiftUITests.swift */ = {isa = PBXFileReference; lastKnownFileType = sourcecode.swift; path = CQSwiftUITests.swift; sourceTree = "<group>"; };
		34744E1A22EDEA9F007F52DC /* Info.plist */ = {isa = PBXFileReference; lastKnownFileType = text.plist.xml; path = Info.plist; sourceTree = "<group>"; };
		34C1A3B2231658250079A935 /* CQMainHeaderView.swift */ = {isa = PBXFileReference; lastKnownFileType = sourcecode.swift; path = CQMainHeaderView.swift; sourceTree = "<group>"; };
		34C1A3B52316598F0079A935 /* CQWaveView.swift */ = {isa = PBXFileReference; lastKnownFileType = sourcecode.swift; path = CQWaveView.swift; sourceTree = "<group>"; };
		34C1F5F8233F9DD6004F3146 /* CQRXDriverVC.swift */ = {isa = PBXFileReference; lastKnownFileType = sourcecode.swift; path = CQRXDriverVC.swift; sourceTree = "<group>"; };
		34D6A5A5232B348500B740CA /* CQRXSwifObservableVC.swift */ = {isa = PBXFileReference; lastKnownFileType = sourcecode.swift; path = CQRXSwifObservableVC.swift; sourceTree = "<group>"; };
		34D6A5A7232B396300B740CA /* SwiftTheme.framework */ = {isa = PBXFileReference; explicitFileType = wrapper.framework; path = SwiftTheme.framework; sourceTree = BUILT_PRODUCTS_DIR; };
		34ECF8C52335BDA800DDF8BD /* CQRXSwiftUIObserverableVC.swift */ = {isa = PBXFileReference; lastKnownFileType = sourcecode.swift; path = CQRXSwiftUIObserverableVC.swift; sourceTree = "<group>"; };
		34ECF8C72335BDCE00DDF8BD /* CQRXSwiftUIObserverableVC.storyboard */ = {isa = PBXFileReference; lastKnownFileType = file.storyboard; path = CQRXSwiftUIObserverableVC.storyboard; sourceTree = "<group>"; };
		587643FE5871BF1FD3AC8A41 /* Pods-CQSwift.debug.xcconfig */ = {isa = PBXFileReference; includeInIndex = 1; lastKnownFileType = text.xcconfig; name = "Pods-CQSwift.debug.xcconfig"; path = "Pods/Target Support Files/Pods-CQSwift/Pods-CQSwift.debug.xcconfig"; sourceTree = "<group>"; };
		67CD48A612D079967774FEDA /* Pods-CQSwift.release.xcconfig */ = {isa = PBXFileReference; includeInIndex = 1; lastKnownFileType = text.xcconfig; name = "Pods-CQSwift.release.xcconfig"; path = "Pods/Target Support Files/Pods-CQSwift/Pods-CQSwift.release.xcconfig"; sourceTree = "<group>"; };
/* End PBXFileReference section */

/* Begin PBXFrameworksBuildPhase section */
		34744DF222EDEA9D007F52DC /* Frameworks */ = {
			isa = PBXFrameworksBuildPhase;
			buildActionMask = 2147483647;
			files = (
				58B6657D117F6F09A2A3668C /* Pods_CQSwift.framework in Frameworks */,
			);
			runOnlyForDeploymentPostprocessing = 0;
		};
		34744E0622EDEA9F007F52DC /* Frameworks */ = {
			isa = PBXFrameworksBuildPhase;
			buildActionMask = 2147483647;
			files = (
			);
			runOnlyForDeploymentPostprocessing = 0;
		};
		34744E1122EDEA9F007F52DC /* Frameworks */ = {
			isa = PBXFrameworksBuildPhase;
			buildActionMask = 2147483647;
			files = (
			);
			runOnlyForDeploymentPostprocessing = 0;
		};
/* End PBXFrameworksBuildPhase section */

/* Begin PBXGroup section */
		3404E6CB2311136200014104 /* CQTableView */ = {
			isa = PBXGroup;
			children = (
				34C1F5FA233F9E0F004F3146 /* Model */,
				3404E6CC2311137C00014104 /* CQTableViewController.swift */,
				34D6A5A5232B348500B740CA /* CQRXSwifObservableVC.swift */,
				34ECF8C52335BDA800DDF8BD /* CQRXSwiftUIObserverableVC.swift */,
				34ECF8C72335BDCE00DDF8BD /* CQRXSwiftUIObserverableVC.storyboard */,
				34C1F5F8233F9DD6004F3146 /* CQRXDriverVC.swift */,
			);
			path = CQTableView;
			sourceTree = "<group>";
		};
		3412C44E230D2EAD0048A095 /* CQCollectionView */ = {
			isa = PBXGroup;
			children = (
				342C1C13235949890058E583 /* Metal */,
				3412C44F230D2EDF0048A095 /* CQCollectionViewController.swift */,
				3412C451230D2F400048A095 /* CQCollectionViewCell.swift */,
			);
			path = CQCollectionView;
			sourceTree = "<group>";
		};
		3412C456230D38230048A095 /* CQCategory */ = {
			isa = PBXGroup;
			children = (
				3412C45F230D3CC30048A095 /* UIColor+CQExtension.swift */,
				3412C461230D44370048A095 /* UIView+CQExtension.swift */,
			);
			path = CQCategory;
			sourceTree = "<group>";
		};
		342C1C13235949890058E583 /* Metal */ = {
			isa = PBXGroup;
			children = (
				342C1C14235949AA0058E583 /* CQMetalFirstController.swift */,
				342C1C16235949C20058E583 /* Shader.metal */,
				342C1C1823594DA40058E583 /* CQMetalSecondController.swift */,
				3419702A235D475200E154A2 /* qrcode.metal */,
			);
			path = Metal;
			sourceTree = "<group>";
		};
		34744DEC22EDEA9D007F52DC = {
			isa = PBXGroup;
			children = (
				34744DF722EDEA9D007F52DC /* CQSwift */,
				34744E0C22EDEA9F007F52DC /* CQSwiftTests */,
				34744E1722EDEA9F007F52DC /* CQSwiftUITests */,
				34744DF622EDEA9D007F52DC /* Products */,
				51FB9ACED9373FB80EAB99D4 /* Pods */,
				897BE2416489BF9C34282B59 /* Frameworks */,
			);
			sourceTree = "<group>";
		};
		34744DF622EDEA9D007F52DC /* Products */ = {
			isa = PBXGroup;
			children = (
				34744DF522EDEA9D007F52DC /* CQSwift.app */,
				34744E0922EDEA9F007F52DC /* CQSwiftTests.xctest */,
				34744E1422EDEA9F007F52DC /* CQSwiftUITests.xctest */,
			);
			name = Products;
			sourceTree = "<group>";
		};
		34744DF722EDEA9D007F52DC /* CQSwift */ = {
			isa = PBXGroup;
			children = (
				34C1A3B4231659780079A935 /* CQCustomView */,
				3412C44E230D2EAD0048A095 /* CQCollectionView */,
				3404E6CB2311136200014104 /* CQTableView */,
				34744DF822EDEA9D007F52DC /* AppDelegate.swift */,
				3404B880230C1ACB004CFA91 /* CQMainNavController.swift */,
				3404B882230C2663004CFA91 /* CQMainController.swift */,
				34C1A3B2231658250079A935 /* CQMainHeaderView.swift */,
				3404B884230C29A9004CFA91 /* CQMainCell.swift */,
				34744DFC22EDEA9D007F52DC /* Main.storyboard */,
				34744DFF22EDEA9F007F52DC /* Assets.xcassets */,
				34744E0122EDEA9F007F52DC /* LaunchScreen.storyboard */,
				34744E0422EDEA9F007F52DC /* Info.plist */,
				3412C454230D36DF0048A095 /* CQConstant.swift */,
				3412C456230D38230048A095 /* CQCategory */,
			);
			path = CQSwift;
			sourceTree = "<group>";
		};
		34744E0C22EDEA9F007F52DC /* CQSwiftTests */ = {
			isa = PBXGroup;
			children = (
				34744E0D22EDEA9F007F52DC /* CQSwiftTests.swift */,
				34744E0F22EDEA9F007F52DC /* Info.plist */,
			);
			path = CQSwiftTests;
			sourceTree = "<group>";
		};
		34744E1722EDEA9F007F52DC /* CQSwiftUITests */ = {
			isa = PBXGroup;
			children = (
				34744E1822EDEA9F007F52DC /* CQSwiftUITests.swift */,
				34744E1A22EDEA9F007F52DC /* Info.plist */,
			);
			path = CQSwiftUITests;
			sourceTree = "<group>";
		};
		34C1A3B4231659780079A935 /* CQCustomView */ = {
			isa = PBXGroup;
			children = (
				34C1A3B52316598F0079A935 /* CQWaveView.swift */,
			);
			path = CQCustomView;
			sourceTree = "<group>";
		};
		34C1F5FA233F9E0F004F3146 /* Model */ = {
			isa = PBXGroup;
			children = (
				3404E6CE231117CE00014104 /* CQTableViewModel.swift */,
			);
			path = Model;
			sourceTree = "<group>";
		};
		51FB9ACED9373FB80EAB99D4 /* Pods */ = {
			isa = PBXGroup;
			children = (
				587643FE5871BF1FD3AC8A41 /* Pods-CQSwift.debug.xcconfig */,
				67CD48A612D079967774FEDA /* Pods-CQSwift.release.xcconfig */,
			);
			name = Pods;
			sourceTree = "<group>";
		};
		897BE2416489BF9C34282B59 /* Frameworks */ = {
			isa = PBXGroup;
			children = (
				34D6A5A7232B396300B740CA /* SwiftTheme.framework */,
				2FEE63F04346C3CAF9CEA536 /* Pods_CQSwift.framework */,
			);
			name = Frameworks;
			sourceTree = "<group>";
		};
/* End PBXGroup section */

/* Begin PBXNativeTarget section */
		34744DF422EDEA9D007F52DC /* CQSwift */ = {
			isa = PBXNativeTarget;
			buildConfigurationList = 34744E1D22EDEA9F007F52DC /* Build configuration list for PBXNativeTarget "CQSwift" */;
			buildPhases = (
				100624DCFBC6C901201C1521 /* [CP] Check Pods Manifest.lock */,
				34744DF122EDEA9D007F52DC /* Sources */,
				34744DF222EDEA9D007F52DC /* Frameworks */,
				34744DF322EDEA9D007F52DC /* Resources */,
				64DDDDFB3F9584E0D3823420 /* [CP] Embed Pods Frameworks */,
			);
			buildRules = (
			);
			dependencies = (
			);
			name = CQSwift;
			productName = CQSwift;
			productReference = 34744DF522EDEA9D007F52DC /* CQSwift.app */;
			productType = "com.apple.product-type.application";
		};
		34744E0822EDEA9F007F52DC /* CQSwiftTests */ = {
			isa = PBXNativeTarget;
			buildConfigurationList = 34744E2022EDEA9F007F52DC /* Build configuration list for PBXNativeTarget "CQSwiftTests" */;
			buildPhases = (
				34744E0522EDEA9F007F52DC /* Sources */,
				34744E0622EDEA9F007F52DC /* Frameworks */,
				34744E0722EDEA9F007F52DC /* Resources */,
			);
			buildRules = (
			);
			dependencies = (
				34744E0B22EDEA9F007F52DC /* PBXTargetDependency */,
			);
			name = CQSwiftTests;
			productName = CQSwiftTests;
			productReference = 34744E0922EDEA9F007F52DC /* CQSwiftTests.xctest */;
			productType = "com.apple.product-type.bundle.unit-test";
		};
		34744E1322EDEA9F007F52DC /* CQSwiftUITests */ = {
			isa = PBXNativeTarget;
			buildConfigurationList = 34744E2322EDEA9F007F52DC /* Build configuration list for PBXNativeTarget "CQSwiftUITests" */;
			buildPhases = (
				34744E1022EDEA9F007F52DC /* Sources */,
				34744E1122EDEA9F007F52DC /* Frameworks */,
				34744E1222EDEA9F007F52DC /* Resources */,
			);
			buildRules = (
			);
			dependencies = (
				34744E1622EDEA9F007F52DC /* PBXTargetDependency */,
			);
			name = CQSwiftUITests;
			productName = CQSwiftUITests;
			productReference = 34744E1422EDEA9F007F52DC /* CQSwiftUITests.xctest */;
			productType = "com.apple.product-type.bundle.ui-testing";
		};
/* End PBXNativeTarget section */

/* Begin PBXProject section */
		34744DED22EDEA9D007F52DC /* Project object */ = {
			isa = PBXProject;
			attributes = {
				CLASSPREFIX = CQ;
				LastSwiftUpdateCheck = 1020;
				LastUpgradeCheck = 1020;
				ORGANIZATIONNAME = "李超群";
				TargetAttributes = {
					34744DF422EDEA9D007F52DC = {
						CreatedOnToolsVersion = 10.2.1;
						LastSwiftMigration = 1020;
					};
					34744E0822EDEA9F007F52DC = {
						CreatedOnToolsVersion = 10.2.1;
						TestTargetID = 34744DF422EDEA9D007F52DC;
					};
					34744E1322EDEA9F007F52DC = {
						CreatedOnToolsVersion = 10.2.1;
						TestTargetID = 34744DF422EDEA9D007F52DC;
					};
				};
			};
			buildConfigurationList = 34744DF022EDEA9D007F52DC /* Build configuration list for PBXProject "CQSwift" */;
			compatibilityVersion = "Xcode 9.3";
			developmentRegion = en;
			hasScannedForEncodings = 0;
			knownRegions = (
				en,
				Base,
			);
			mainGroup = 34744DEC22EDEA9D007F52DC;
			productRefGroup = 34744DF622EDEA9D007F52DC /* Products */;
			projectDirPath = "";
			projectRoot = "";
			targets = (
				34744DF422EDEA9D007F52DC /* CQSwift */,
				34744E0822EDEA9F007F52DC /* CQSwiftTests */,
				34744E1322EDEA9F007F52DC /* CQSwiftUITests */,
			);
		};
/* End PBXProject section */

/* Begin PBXResourcesBuildPhase section */
		34744DF322EDEA9D007F52DC /* Resources */ = {
			isa = PBXResourcesBuildPhase;
			buildActionMask = 2147483647;
			files = (
				34744E0322EDEA9F007F52DC /* LaunchScreen.storyboard in Resources */,
				34ECF8C82335BDCE00DDF8BD /* CQRXSwiftUIObserverableVC.storyboard in Resources */,
				34744E0022EDEA9F007F52DC /* Assets.xcassets in Resources */,
				34744DFE22EDEA9D007F52DC /* Main.storyboard in Resources */,
			);
			runOnlyForDeploymentPostprocessing = 0;
		};
		34744E0722EDEA9F007F52DC /* Resources */ = {
			isa = PBXResourcesBuildPhase;
			buildActionMask = 2147483647;
			files = (
			);
			runOnlyForDeploymentPostprocessing = 0;
		};
		34744E1222EDEA9F007F52DC /* Resources */ = {
			isa = PBXResourcesBuildPhase;
			buildActionMask = 2147483647;
			files = (
			);
			runOnlyForDeploymentPostprocessing = 0;
		};
/* End PBXResourcesBuildPhase section */

/* Begin PBXShellScriptBuildPhase section */
		100624DCFBC6C901201C1521 /* [CP] Check Pods Manifest.lock */ = {
			isa = PBXShellScriptBuildPhase;
			buildActionMask = 2147483647;
			files = (
			);
			inputPaths = (
				"${PODS_PODFILE_DIR_PATH}/Podfile.lock",
				"${PODS_ROOT}/Manifest.lock",
			);
			name = "[CP] Check Pods Manifest.lock";
			outputPaths = (
				"$(DERIVED_FILE_DIR)/Pods-CQSwift-checkManifestLockResult.txt",
			);
			runOnlyForDeploymentPostprocessing = 0;
			shellPath = /bin/sh;
			shellScript = "diff \"${PODS_PODFILE_DIR_PATH}/Podfile.lock\" \"${PODS_ROOT}/Manifest.lock\" > /dev/null\nif [ $? != 0 ] ; then\n    # print error to STDERR\n    echo \"error: The sandbox is not in sync with the Podfile.lock. Run 'pod install' or update your CocoaPods installation.\" >&2\n    exit 1\nfi\n# This output is used by Xcode 'outputs' to avoid re-running this script phase.\necho \"SUCCESS\" > \"${SCRIPT_OUTPUT_FILE_0}\"\n";
			showEnvVarsInLog = 0;
		};
		64DDDDFB3F9584E0D3823420 /* [CP] Embed Pods Frameworks */ = {
			isa = PBXShellScriptBuildPhase;
			buildActionMask = 2147483647;
			files = (
			);
			inputFileListPaths = (
				"${PODS_ROOT}/Target Support Files/Pods-CQSwift/Pods-CQSwift-frameworks-${CONFIGURATION}-input-files.xcfilelist",
			);
			name = "[CP] Embed Pods Frameworks";
			outputFileListPaths = (
				"${PODS_ROOT}/Target Support Files/Pods-CQSwift/Pods-CQSwift-frameworks-${CONFIGURATION}-output-files.xcfilelist",
			);
			runOnlyForDeploymentPostprocessing = 0;
			shellPath = /bin/sh;
			shellScript = "\"${PODS_ROOT}/Target Support Files/Pods-CQSwift/Pods-CQSwift-frameworks.sh\"\n";
			showEnvVarsInLog = 0;
		};
/* End PBXShellScriptBuildPhase section */

/* Begin PBXSourcesBuildPhase section */
		34744DF122EDEA9D007F52DC /* Sources */ = {
			isa = PBXSourcesBuildPhase;
			buildActionMask = 2147483647;
			files = (
				342C1C17235949C20058E583 /* Shader.metal in Sources */,
				34C1F5F9233F9DD6004F3146 /* CQRXDriverVC.swift in Sources */,
				3404B883230C2663004CFA91 /* CQMainController.swift in Sources */,
				3412C450230D2EDF0048A095 /* CQCollectionViewController.swift in Sources */,
				34D6A5A6232B348500B740CA /* CQRXSwifObservableVC.swift in Sources */,
				342C1C15235949AA0058E583 /* CQMetalFirstController.swift in Sources */,
				3412C455230D36DF0048A095 /* CQConstant.swift in Sources */,
				342C1C1923594DA40058E583 /* CQMetalSecondController.swift in Sources */,
				3412C462230D44380048A095 /* UIView+CQExtension.swift in Sources */,
				3404B885230C29A9004CFA91 /* CQMainCell.swift in Sources */,
				34744DF922EDEA9D007F52DC /* AppDelegate.swift in Sources */,
				34ECF8C62335BDA800DDF8BD /* CQRXSwiftUIObserverableVC.swift in Sources */,
				3412C452230D2F400048A095 /* CQCollectionViewCell.swift in Sources */,
				3404E6CD2311137C00014104 /* CQTableViewController.swift in Sources */,
				3404B881230C1ACB004CFA91 /* CQMainNavController.swift in Sources */,
				3419702B235D475200E154A2 /* qrcode.metal in Sources */,
				34C1A3B62316598F0079A935 /* CQWaveView.swift in Sources */,
				3404E6CF231117CE00014104 /* CQTableViewModel.swift in Sources */,
				34C1A3B3231658250079A935 /* CQMainHeaderView.swift in Sources */,
				3412C460230D3CC30048A095 /* UIColor+CQExtension.swift in Sources */,
			);
			runOnlyForDeploymentPostprocessing = 0;
		};
		34744E0522EDEA9F007F52DC /* Sources */ = {
			isa = PBXSourcesBuildPhase;
			buildActionMask = 2147483647;
			files = (
				34744E0E22EDEA9F007F52DC /* CQSwiftTests.swift in Sources */,
			);
			runOnlyForDeploymentPostprocessing = 0;
		};
		34744E1022EDEA9F007F52DC /* Sources */ = {
			isa = PBXSourcesBuildPhase;
			buildActionMask = 2147483647;
			files = (
				34744E1922EDEA9F007F52DC /* CQSwiftUITests.swift in Sources */,
			);
			runOnlyForDeploymentPostprocessing = 0;
		};
/* End PBXSourcesBuildPhase section */

/* Begin PBXTargetDependency section */
		34744E0B22EDEA9F007F52DC /* PBXTargetDependency */ = {
			isa = PBXTargetDependency;
			target = 34744DF422EDEA9D007F52DC /* CQSwift */;
			targetProxy = 34744E0A22EDEA9F007F52DC /* PBXContainerItemProxy */;
		};
		34744E1622EDEA9F007F52DC /* PBXTargetDependency */ = {
			isa = PBXTargetDependency;
			target = 34744DF422EDEA9D007F52DC /* CQSwift */;
			targetProxy = 34744E1522EDEA9F007F52DC /* PBXContainerItemProxy */;
		};
/* End PBXTargetDependency section */

/* Begin PBXVariantGroup section */
		34744DFC22EDEA9D007F52DC /* Main.storyboard */ = {
			isa = PBXVariantGroup;
			children = (
				34744DFD22EDEA9D007F52DC /* Base */,
			);
			name = Main.storyboard;
			sourceTree = "<group>";
		};
		34744E0122EDEA9F007F52DC /* LaunchScreen.storyboard */ = {
			isa = PBXVariantGroup;
			children = (
				34744E0222EDEA9F007F52DC /* Base */,
			);
			name = LaunchScreen.storyboard;
			sourceTree = "<group>";
		};
/* End PBXVariantGroup section */

/* Begin XCBuildConfiguration section */
		34744E1B22EDEA9F007F52DC /* Debug */ = {
			isa = XCBuildConfiguration;
			buildSettings = {
				ALWAYS_SEARCH_USER_PATHS = NO;
				CLANG_ANALYZER_NONNULL = YES;
				CLANG_ANALYZER_NUMBER_OBJECT_CONVERSION = YES_AGGRESSIVE;
				CLANG_CXX_LANGUAGE_STANDARD = "gnu++14";
				CLANG_CXX_LIBRARY = "libc++";
				CLANG_ENABLE_MODULES = YES;
				CLANG_ENABLE_OBJC_ARC = YES;
				CLANG_ENABLE_OBJC_WEAK = YES;
				CLANG_WARN_BLOCK_CAPTURE_AUTORELEASING = YES;
				CLANG_WARN_BOOL_CONVERSION = YES;
				CLANG_WARN_COMMA = YES;
				CLANG_WARN_CONSTANT_CONVERSION = YES;
				CLANG_WARN_DEPRECATED_OBJC_IMPLEMENTATIONS = YES;
				CLANG_WARN_DIRECT_OBJC_ISA_USAGE = YES_ERROR;
				CLANG_WARN_DOCUMENTATION_COMMENTS = YES;
				CLANG_WARN_EMPTY_BODY = YES;
				CLANG_WARN_ENUM_CONVERSION = YES;
				CLANG_WARN_INFINITE_RECURSION = YES;
				CLANG_WARN_INT_CONVERSION = YES;
				CLANG_WARN_NON_LITERAL_NULL_CONVERSION = YES;
				CLANG_WARN_OBJC_IMPLICIT_RETAIN_SELF = YES;
				CLANG_WARN_OBJC_LITERAL_CONVERSION = YES;
				CLANG_WARN_OBJC_ROOT_CLASS = YES_ERROR;
				CLANG_WARN_RANGE_LOOP_ANALYSIS = YES;
				CLANG_WARN_STRICT_PROTOTYPES = YES;
				CLANG_WARN_SUSPICIOUS_MOVE = YES;
				CLANG_WARN_UNGUARDED_AVAILABILITY = YES_AGGRESSIVE;
				CLANG_WARN_UNREACHABLE_CODE = YES;
				CLANG_WARN__DUPLICATE_METHOD_MATCH = YES;
				CODE_SIGN_IDENTITY = "iPhone Developer";
				COPY_PHASE_STRIP = NO;
				DEBUG_INFORMATION_FORMAT = dwarf;
				ENABLE_STRICT_OBJC_MSGSEND = YES;
				ENABLE_TESTABILITY = YES;
				GCC_C_LANGUAGE_STANDARD = gnu11;
				GCC_DYNAMIC_NO_PIC = NO;
				GCC_NO_COMMON_BLOCKS = YES;
				GCC_OPTIMIZATION_LEVEL = 0;
				GCC_PREPROCESSOR_DEFINITIONS = (
					"DEBUG=1",
					"$(inherited)",
				);
				GCC_WARN_64_TO_32_BIT_CONVERSION = YES;
				GCC_WARN_ABOUT_RETURN_TYPE = YES_ERROR;
				GCC_WARN_UNDECLARED_SELECTOR = YES;
				GCC_WARN_UNINITIALIZED_AUTOS = YES_AGGRESSIVE;
				GCC_WARN_UNUSED_FUNCTION = YES;
				GCC_WARN_UNUSED_VARIABLE = YES;
				IPHONEOS_DEPLOYMENT_TARGET = 13.0;
				MTL_ENABLE_DEBUG_INFO = INCLUDE_SOURCE;
				MTL_FAST_MATH = YES;
				ONLY_ACTIVE_ARCH = YES;
				SDKROOT = iphoneos;
				SWIFT_ACTIVE_COMPILATION_CONDITIONS = DEBUG;
				SWIFT_OPTIMIZATION_LEVEL = "-Onone";
			};
			name = Debug;
		};
		34744E1C22EDEA9F007F52DC /* Release */ = {
			isa = XCBuildConfiguration;
			buildSettings = {
				ALWAYS_SEARCH_USER_PATHS = NO;
				CLANG_ANALYZER_NONNULL = YES;
				CLANG_ANALYZER_NUMBER_OBJECT_CONVERSION = YES_AGGRESSIVE;
				CLANG_CXX_LANGUAGE_STANDARD = "gnu++14";
				CLANG_CXX_LIBRARY = "libc++";
				CLANG_ENABLE_MODULES = YES;
				CLANG_ENABLE_OBJC_ARC = YES;
				CLANG_ENABLE_OBJC_WEAK = YES;
				CLANG_WARN_BLOCK_CAPTURE_AUTORELEASING = YES;
				CLANG_WARN_BOOL_CONVERSION = YES;
				CLANG_WARN_COMMA = YES;
				CLANG_WARN_CONSTANT_CONVERSION = YES;
				CLANG_WARN_DEPRECATED_OBJC_IMPLEMENTATIONS = YES;
				CLANG_WARN_DIRECT_OBJC_ISA_USAGE = YES_ERROR;
				CLANG_WARN_DOCUMENTATION_COMMENTS = YES;
				CLANG_WARN_EMPTY_BODY = YES;
				CLANG_WARN_ENUM_CONVERSION = YES;
				CLANG_WARN_INFINITE_RECURSION = YES;
				CLANG_WARN_INT_CONVERSION = YES;
				CLANG_WARN_NON_LITERAL_NULL_CONVERSION = YES;
				CLANG_WARN_OBJC_IMPLICIT_RETAIN_SELF = YES;
				CLANG_WARN_OBJC_LITERAL_CONVERSION = YES;
				CLANG_WARN_OBJC_ROOT_CLASS = YES_ERROR;
				CLANG_WARN_RANGE_LOOP_ANALYSIS = YES;
				CLANG_WARN_STRICT_PROTOTYPES = YES;
				CLANG_WARN_SUSPICIOUS_MOVE = YES;
				CLANG_WARN_UNGUARDED_AVAILABILITY = YES_AGGRESSIVE;
				CLANG_WARN_UNREACHABLE_CODE = YES;
				CLANG_WARN__DUPLICATE_METHOD_MATCH = YES;
				CODE_SIGN_IDENTITY = "iPhone Developer";
				COPY_PHASE_STRIP = NO;
				DEBUG_INFORMATION_FORMAT = "dwarf-with-dsym";
				ENABLE_NS_ASSERTIONS = NO;
				ENABLE_STRICT_OBJC_MSGSEND = YES;
				GCC_C_LANGUAGE_STANDARD = gnu11;
				GCC_NO_COMMON_BLOCKS = YES;
				GCC_WARN_64_TO_32_BIT_CONVERSION = YES;
				GCC_WARN_ABOUT_RETURN_TYPE = YES_ERROR;
				GCC_WARN_UNDECLARED_SELECTOR = YES;
				GCC_WARN_UNINITIALIZED_AUTOS = YES_AGGRESSIVE;
				GCC_WARN_UNUSED_FUNCTION = YES;
				GCC_WARN_UNUSED_VARIABLE = YES;
				IPHONEOS_DEPLOYMENT_TARGET = 13.0;
				MTL_ENABLE_DEBUG_INFO = NO;
				MTL_FAST_MATH = YES;
				SDKROOT = iphoneos;
				SWIFT_COMPILATION_MODE = wholemodule;
				SWIFT_OPTIMIZATION_LEVEL = "-O";
				VALIDATE_PRODUCT = YES;
			};
			name = Release;
		};
		34744E1E22EDEA9F007F52DC /* Debug */ = {
			isa = XCBuildConfiguration;
			baseConfigurationReference = 587643FE5871BF1FD3AC8A41 /* Pods-CQSwift.debug.xcconfig */;
			buildSettings = {
				ASSETCATALOG_COMPILER_APPICON_NAME = AppIcon;
				CLANG_ENABLE_MODULES = YES;
				CODE_SIGN_STYLE = Automatic;
				DEVELOPMENT_TEAM = U8A26JGV9K;
				INFOPLIST_FILE = CQSwift/Info.plist;
				IPHONEOS_DEPLOYMENT_TARGET = 9.0;
				LD_RUNPATH_SEARCH_PATHS = (
					"$(inherited)",
					"@executable_path/Frameworks",
				);
				PRODUCT_BUNDLE_IDENTIFIER = com.CQSwift;
				PRODUCT_NAME = "$(TARGET_NAME)";
				SWIFT_OPTIMIZATION_LEVEL = "-Onone";
				SWIFT_VERSION = 4.0;
				TARGETED_DEVICE_FAMILY = 1;
			};
			name = Debug;
		};
		34744E1F22EDEA9F007F52DC /* Release */ = {
			isa = XCBuildConfiguration;
			baseConfigurationReference = 67CD48A612D079967774FEDA /* Pods-CQSwift.release.xcconfig */;
			buildSettings = {
				ASSETCATALOG_COMPILER_APPICON_NAME = AppIcon;
				CLANG_ENABLE_MODULES = YES;
				CODE_SIGN_STYLE = Automatic;
				DEVELOPMENT_TEAM = U8A26JGV9K;
				INFOPLIST_FILE = CQSwift/Info.plist;
				IPHONEOS_DEPLOYMENT_TARGET = 9.0;
				LD_RUNPATH_SEARCH_PATHS = (
					"$(inherited)",
					"@executable_path/Frameworks",
				);
				PRODUCT_BUNDLE_IDENTIFIER = com.CQSwift;
				PRODUCT_NAME = "$(TARGET_NAME)";
				SWIFT_VERSION = 4.0;
				TARGETED_DEVICE_FAMILY = 1;
			};
			name = Release;
		};
		34744E2122EDEA9F007F52DC /* Debug */ = {
			isa = XCBuildConfiguration;
			buildSettings = {
				ALWAYS_EMBED_SWIFT_STANDARD_LIBRARIES = YES;
				BUNDLE_LOADER = "$(TEST_HOST)";
				CODE_SIGN_STYLE = Automatic;
				DEVELOPMENT_TEAM = U8A26JGV9K;
				INFOPLIST_FILE = CQSwiftTests/Info.plist;
				LD_RUNPATH_SEARCH_PATHS = (
					"$(inherited)",
					"@executable_path/Frameworks",
					"@loader_path/Frameworks",
				);
				PRODUCT_BUNDLE_IDENTIFIER = com.CQSwiftTests;
				PRODUCT_NAME = "$(TARGET_NAME)";
				SWIFT_VERSION = 5.0;
				TARGETED_DEVICE_FAMILY = "1,2";
				TEST_HOST = "$(BUILT_PRODUCTS_DIR)/CQSwift.app/CQSwift";
			};
			name = Debug;
		};
		34744E2222EDEA9F007F52DC /* Release */ = {
			isa = XCBuildConfiguration;
			buildSettings = {
				ALWAYS_EMBED_SWIFT_STANDARD_LIBRARIES = YES;
				BUNDLE_LOADER = "$(TEST_HOST)";
				CODE_SIGN_STYLE = Automatic;
				DEVELOPMENT_TEAM = U8A26JGV9K;
				INFOPLIST_FILE = CQSwiftTests/Info.plist;
				LD_RUNPATH_SEARCH_PATHS = (
					"$(inherited)",
					"@executable_path/Frameworks",
					"@loader_path/Frameworks",
				);
				PRODUCT_BUNDLE_IDENTIFIER = com.CQSwiftTests;
				PRODUCT_NAME = "$(TARGET_NAME)";
				SWIFT_VERSION = 5.0;
				TARGETED_DEVICE_FAMILY = "1,2";
				TEST_HOST = "$(BUILT_PRODUCTS_DIR)/CQSwift.app/CQSwift";
			};
			name = Release;
		};
		34744E2422EDEA9F007F52DC /* Debug */ = {
			isa = XCBuildConfiguration;
			buildSettings = {
				ALWAYS_EMBED_SWIFT_STANDARD_LIBRARIES = YES;
				CODE_SIGN_STYLE = Automatic;
				DEVELOPMENT_TEAM = U8A26JGV9K;
				INFOPLIST_FILE = CQSwiftUITests/Info.plist;
				LD_RUNPATH_SEARCH_PATHS = (
					"$(inherited)",
					"@executable_path/Frameworks",
					"@loader_path/Frameworks",
				);
				PRODUCT_BUNDLE_IDENTIFIER = com.CQSwiftUITests;
				PRODUCT_NAME = "$(TARGET_NAME)";
				SWIFT_VERSION = 5.0;
				TARGETED_DEVICE_FAMILY = "1,2";
				TEST_TARGET_NAME = CQSwift;
			};
			name = Debug;
		};
		34744E2522EDEA9F007F52DC /* Release */ = {
			isa = XCBuildConfiguration;
			buildSettings = {
				ALWAYS_EMBED_SWIFT_STANDARD_LIBRARIES = YES;
				CODE_SIGN_STYLE = Automatic;
				DEVELOPMENT_TEAM = U8A26JGV9K;
				INFOPLIST_FILE = CQSwiftUITests/Info.plist;
				LD_RUNPATH_SEARCH_PATHS = (
					"$(inherited)",
					"@executable_path/Frameworks",
					"@loader_path/Frameworks",
				);
				PRODUCT_BUNDLE_IDENTIFIER = com.CQSwiftUITests;
				PRODUCT_NAME = "$(TARGET_NAME)";
				SWIFT_VERSION = 5.0;
				TARGETED_DEVICE_FAMILY = "1,2";
				TEST_TARGET_NAME = CQSwift;
			};
			name = Release;
		};
/* End XCBuildConfiguration section */

/* Begin XCConfigurationList section */
		34744DF022EDEA9D007F52DC /* Build configuration list for PBXProject "CQSwift" */ = {
			isa = XCConfigurationList;
			buildConfigurations = (
				34744E1B22EDEA9F007F52DC /* Debug */,
				34744E1C22EDEA9F007F52DC /* Release */,
			);
			defaultConfigurationIsVisible = 0;
			defaultConfigurationName = Release;
		};
		34744E1D22EDEA9F007F52DC /* Build configuration list for PBXNativeTarget "CQSwift" */ = {
			isa = XCConfigurationList;
			buildConfigurations = (
				34744E1E22EDEA9F007F52DC /* Debug */,
				34744E1F22EDEA9F007F52DC /* Release */,
			);
			defaultConfigurationIsVisible = 0;
			defaultConfigurationName = Release;
		};
		34744E2022EDEA9F007F52DC /* Build configuration list for PBXNativeTarget "CQSwiftTests" */ = {
			isa = XCConfigurationList;
			buildConfigurations = (
				34744E2122EDEA9F007F52DC /* Debug */,
				34744E2222EDEA9F007F52DC /* Release */,
			);
			defaultConfigurationIsVisible = 0;
			defaultConfigurationName = Release;
		};
		34744E2322EDEA9F007F52DC /* Build configuration list for PBXNativeTarget "CQSwiftUITests" */ = {
			isa = XCConfigurationList;
			buildConfigurations = (
				34744E2422EDEA9F007F52DC /* Debug */,
				34744E2522EDEA9F007F52DC /* Release */,
			);
			defaultConfigurationIsVisible = 0;
			defaultConfigurationName = Release;
		};
/* End XCConfigurationList section */
	};
	rootObject = 34744DED22EDEA9D007F52DC /* Project object */;
}
