// !$*UTF8*$!
{
	archiveVersion = 1;
	classes = {
	};
	objectVersion = 51;
	objects = {

/* Begin PBXBuildFile section */
		2422067F2704120600350DF0 /* CQView+Extension.swift in Sources */ = {isa = PBXBuildFile; fileRef = 2422067E2704120600350DF0 /* CQView+Extension.swift */; };
		2422068727043E1500350DF0 /* CQGridLockManager.swift in Sources */ = {isa = PBXBuildFile; fileRef = 2422068627043E1500350DF0 /* CQGridLockManager.swift */; };
		2426241627EABED500AEC968 /* CQCycleView.swift in Sources */ = {isa = PBXBuildFile; fileRef = 2426241527EABED500AEC968 /* CQCycleView.swift */; };
		2426242C27EAFD0100AEC968 /* UIImage+CQExtern.m in Sources */ = {isa = PBXBuildFile; fileRef = 2426242B27EAFD0100AEC968 /* UIImage+CQExtern.m */; };
		242CE798243C27ED00DF059D /* CQError.swift in Sources */ = {isa = PBXBuildFile; fileRef = 242CE793243C27ED00DF059D /* CQError.swift */; };
		242CE799243C27ED00DF059D /* CQModelManager.swift in Sources */ = {isa = PBXBuildFile; fileRef = 242CE794243C27ED00DF059D /* CQModelManager.swift */; };
		242CE79A243C27ED00DF059D /* CQConstant.swift in Sources */ = {isa = PBXBuildFile; fileRef = 242CE795243C27ED00DF059D /* CQConstant.swift */; };
		242CE79C243C27ED00DF059D /* CQTransitionModelManager.swift in Sources */ = {isa = PBXBuildFile; fileRef = 242CE797243C27ED00DF059D /* CQTransitionModelManager.swift */; };
		242F365127166D77006562BF /* CQWebViewController.swift in Sources */ = {isa = PBXBuildFile; fileRef = 242F365027166D77006562BF /* CQWebViewController.swift */; };
		242F365627166DC1006562BF /* CQJSClient.swift in Sources */ = {isa = PBXBuildFile; fileRef = 242F365527166DC1006562BF /* CQJSClient.swift */; };
		24356956270308650015C447 /* CQGridLockController.swift in Sources */ = {isa = PBXBuildFile; fileRef = 24356955270308650015C447 /* CQGridLockController.swift */; };
		2435695E27030C8C0015C447 /* CQGridLockCreateVC.swift in Sources */ = {isa = PBXBuildFile; fileRef = 2435695D27030C8C0015C447 /* CQGridLockCreateVC.swift */; };
		2435696327030CAA0015C447 /* CQGridLockView.swift in Sources */ = {isa = PBXBuildFile; fileRef = 2435696227030CAA0015C447 /* CQGridLockView.swift */; };
		2435696827030EC30015C447 /* CQGridLockIndicatorView.swift in Sources */ = {isa = PBXBuildFile; fileRef = 2435696727030EC30015C447 /* CQGridLockIndicatorView.swift */; };
		244DA61624470619008B3B57 /* CQMoreEditContentView.swift in Sources */ = {isa = PBXBuildFile; fileRef = 244DA60924470618008B3B57 /* CQMoreEditContentView.swift */; };
		244DA61724470619008B3B57 /* CQMoreHeader.swift in Sources */ = {isa = PBXBuildFile; fileRef = 244DA60A24470618008B3B57 /* CQMoreHeader.swift */; };
		244DA61824470619008B3B57 /* CQMoreCell.swift in Sources */ = {isa = PBXBuildFile; fileRef = 244DA60B24470618008B3B57 /* CQMoreCell.swift */; };
		244DA61924470619008B3B57 /* CQMoreEditHeader.swift in Sources */ = {isa = PBXBuildFile; fileRef = 244DA60C24470618008B3B57 /* CQMoreEditHeader.swift */; };
		244DA61A24470619008B3B57 /* CQMoreFooter.swift in Sources */ = {isa = PBXBuildFile; fileRef = 244DA60D24470618008B3B57 /* CQMoreFooter.swift */; };
		244DA61B24470619008B3B57 /* CQTopView.swift in Sources */ = {isa = PBXBuildFile; fileRef = 244DA60E24470618008B3B57 /* CQTopView.swift */; };
		244DA61C24470619008B3B57 /* CQAppsController.swift in Sources */ = {isa = PBXBuildFile; fileRef = 244DA61024470619008B3B57 /* CQAppsController.swift */; };
		244DA61D24470619008B3B57 /* CQAppSectionModel.swift in Sources */ = {isa = PBXBuildFile; fileRef = 244DA61224470619008B3B57 /* CQAppSectionModel.swift */; };
		244DA61E24470619008B3B57 /* CQFrequentlyAppModel+CoreDataClass.swift in Sources */ = {isa = PBXBuildFile; fileRef = 244DA61324470619008B3B57 /* CQFrequentlyAppModel+CoreDataClass.swift */; };
		244DA61F24470619008B3B57 /* CQMoreDataManager.swift in Sources */ = {isa = PBXBuildFile; fileRef = 244DA61424470619008B3B57 /* CQMoreDataManager.swift */; };
		244DA62024470619008B3B57 /* CQFrequentlyAppModel+CoreDataProperties.swift in Sources */ = {isa = PBXBuildFile; fileRef = 244DA61524470619008B3B57 /* CQFrequentlyAppModel+CoreDataProperties.swift */; };
		2477F22427BE1A3A00218542 /* CQCycleController.swift in Sources */ = {isa = PBXBuildFile; fileRef = 2477F22327BE1A3A00218542 /* CQCycleController.swift */; };
		247847DA2448476B00229463 /* CQTopViewModel.swift in Sources */ = {isa = PBXBuildFile; fileRef = 247847D92448476B00229463 /* CQTopViewModel.swift */; };
		247847DC244850A500229463 /* CQMoreViewModel.swift in Sources */ = {isa = PBXBuildFile; fileRef = 247847DB244850A500229463 /* CQMoreViewModel.swift */; };
		2492FD46244D6FAD00957345 /* CQMainNavController+CQExtension.swift in Sources */ = {isa = PBXBuildFile; fileRef = 2492FD45244D6FAD00957345 /* CQMainNavController+CQExtension.swift */; };
		24CD3AB5243EBEA100BB4D10 /* CQCoreDataTool.swift in Sources */ = {isa = PBXBuildFile; fileRef = 24CD3AB4243EBEA100BB4D10 /* CQCoreDataTool.swift */; };
		24CD3AC0243EC8A900BB4D10 /* CQSwiftData.xcdatamodeld in Sources */ = {isa = PBXBuildFile; fileRef = 24CD3ABE243EC8A900BB4D10 /* CQSwiftData.xcdatamodeld */; };
		24E5E4C424EE511600F60138 /* CQMTKVIewController.swift in Sources */ = {isa = PBXBuildFile; fileRef = 24E5E4C324EE511600F60138 /* CQMTKVIewController.swift */; };
		24E5E4C724EE516100F60138 /* CQBgColorRender.swift in Sources */ = {isa = PBXBuildFile; fileRef = 24E5E4C624EE516100F60138 /* CQBgColorRender.swift */; };
		24F949B024F4AEDD006CC572 /* CQMTBufferGridVC.swift in Sources */ = {isa = PBXBuildFile; fileRef = 24F949AF24F4AEDD006CC572 /* CQMTBufferGridVC.swift */; };
		24F949B224F4AFBB006CC572 /* CQGridRender.swift in Sources */ = {isa = PBXBuildFile; fileRef = 24F949B124F4AFBB006CC572 /* CQGridRender.swift */; };
		24F949B424F4B15E006CC572 /* CQGrid.metal in Sources */ = {isa = PBXBuildFile; fileRef = 24F949B324F4B15E006CC572 /* CQGrid.metal */; };
		3404B881230C1ACB004CFA91 /* CQMainNavController.swift in Sources */ = {isa = PBXBuildFile; fileRef = 3404B880230C1ACB004CFA91 /* CQMainNavController.swift */; };
		3404B883230C2663004CFA91 /* CQMainController.swift in Sources */ = {isa = PBXBuildFile; fileRef = 3404B882230C2663004CFA91 /* CQMainController.swift */; };
		3404B885230C29A9004CFA91 /* CQMainCell.swift in Sources */ = {isa = PBXBuildFile; fileRef = 3404B884230C29A9004CFA91 /* CQMainCell.swift */; };
		3404E6CD2311137C00014104 /* CQTableViewController.swift in Sources */ = {isa = PBXBuildFile; fileRef = 3404E6CC2311137C00014104 /* CQTableViewController.swift */; };
		3404E6CF231117CE00014104 /* CQTableViewModel.swift in Sources */ = {isa = PBXBuildFile; fileRef = 3404E6CE231117CE00014104 /* CQTableViewModel.swift */; };
		3412C450230D2EDF0048A095 /* CQCollectionViewController.swift in Sources */ = {isa = PBXBuildFile; fileRef = 3412C44F230D2EDF0048A095 /* CQCollectionViewController.swift */; };
		3412C452230D2F400048A095 /* CQCollectionViewCell.swift in Sources */ = {isa = PBXBuildFile; fileRef = 3412C451230D2F400048A095 /* CQCollectionViewCell.swift */; };
		3412C460230D3CC30048A095 /* UIColor+CQExtension.swift in Sources */ = {isa = PBXBuildFile; fileRef = 3412C45F230D3CC30048A095 /* UIColor+CQExtension.swift */; };
		3412C462230D44380048A095 /* UIView+CQExtension.swift in Sources */ = {isa = PBXBuildFile; fileRef = 3412C461230D44370048A095 /* UIView+CQExtension.swift */; };
		3419702B235D475200E154A2 /* qrcode.metal in Sources */ = {isa = PBXBuildFile; fileRef = 3419702A235D475200E154A2 /* qrcode.metal */; };
		342C1C15235949AA0058E583 /* CQMetalFirstController.swift in Sources */ = {isa = PBXBuildFile; fileRef = 342C1C14235949AA0058E583 /* CQMetalFirstController.swift */; };
		342C1C17235949C20058E583 /* Shader.metal in Sources */ = {isa = PBXBuildFile; fileRef = 342C1C16235949C20058E583 /* Shader.metal */; };
		342C1C1923594DA40058E583 /* CQMetalSecondController.swift in Sources */ = {isa = PBXBuildFile; fileRef = 342C1C1823594DA40058E583 /* CQMetalSecondController.swift */; };
		343C22B424F2185900CFB6B6 /* CQMTTriangleVC.swift in Sources */ = {isa = PBXBuildFile; fileRef = 343C22B024F2185900CFB6B6 /* CQMTTriangleVC.swift */; };
		343C22B524F2185900CFB6B6 /* CQTriangleRender.swift in Sources */ = {isa = PBXBuildFile; fileRef = 343C22B124F2185900CFB6B6 /* CQTriangleRender.swift */; };
		343C22B624F2185900CFB6B6 /* CQTriangle.metal in Sources */ = {isa = PBXBuildFile; fileRef = 343C22B224F2185900CFB6B6 /* CQTriangle.metal */; };
		34744DF922EDEA9D007F52DC /* AppDelegate.swift in Sources */ = {isa = PBXBuildFile; fileRef = 34744DF822EDEA9D007F52DC /* AppDelegate.swift */; };
		34744DFE22EDEA9D007F52DC /* Main.storyboard in Resources */ = {isa = PBXBuildFile; fileRef = 34744DFC22EDEA9D007F52DC /* Main.storyboard */; };
		34744E0022EDEA9F007F52DC /* Assets.xcassets in Resources */ = {isa = PBXBuildFile; fileRef = 34744DFF22EDEA9F007F52DC /* Assets.xcassets */; };
		34744E0322EDEA9F007F52DC /* LaunchScreen.storyboard in Resources */ = {isa = PBXBuildFile; fileRef = 34744E0122EDEA9F007F52DC /* LaunchScreen.storyboard */; };
		34744E0E22EDEA9F007F52DC /* CQSwiftTests.swift in Sources */ = {isa = PBXBuildFile; fileRef = 34744E0D22EDEA9F007F52DC /* CQSwiftTests.swift */; };
		34744E1922EDEA9F007F52DC /* CQSwiftUITests.swift in Sources */ = {isa = PBXBuildFile; fileRef = 34744E1822EDEA9F007F52DC /* CQSwiftUITests.swift */; };
		34ACC121236A875000C676C0 /* CQDispatchVC.swift in Sources */ = {isa = PBXBuildFile; fileRef = 34ACC120236A875000C676C0 /* CQDispatchVC.swift */; };
		34C1A3B3231658250079A935 /* CQMainHeaderView.swift in Sources */ = {isa = PBXBuildFile; fileRef = 34C1A3B2231658250079A935 /* CQMainHeaderView.swift */; };
		34C1A3B62316598F0079A935 /* CQWaveView.swift in Sources */ = {isa = PBXBuildFile; fileRef = 34C1A3B52316598F0079A935 /* CQWaveView.swift */; };
		34C1F5F9233F9DD6004F3146 /* CQRXDriverVC.swift in Sources */ = {isa = PBXBuildFile; fileRef = 34C1F5F8233F9DD6004F3146 /* CQRXDriverVC.swift */; };
		34D6A5A6232B348500B740CA /* CQRXSwifObservableVC.swift in Sources */ = {isa = PBXBuildFile; fileRef = 34D6A5A5232B348500B740CA /* CQRXSwifObservableVC.swift */; };
		34ECF8C62335BDA800DDF8BD /* CQRXSwiftUIObserverableVC.swift in Sources */ = {isa = PBXBuildFile; fileRef = 34ECF8C52335BDA800DDF8BD /* CQRXSwiftUIObserverableVC.swift */; };
		34ECF8C82335BDCE00DDF8BD /* CQRXSwiftUIObserverableVC.storyboard in Resources */ = {isa = PBXBuildFile; fileRef = 34ECF8C72335BDCE00DDF8BD /* CQRXSwiftUIObserverableVC.storyboard */; };
		58B6657D117F6F09A2A3668C /* Pods_CQSwift.framework in Frameworks */ = {isa = PBXBuildFile; fileRef = 2FEE63F04346C3CAF9CEA536 /* Pods_CQSwift.framework */; };
/* End PBXBuildFile section */

/* Begin PBXContainerItemProxy section */
		34744E0A22EDEA9F007F52DC /* PBXContainerItemProxy */ = {
			isa = PBXContainerItemProxy;
			containerPortal = 34744DED22EDEA9D007F52DC /* Project object */;
			proxyType = 1;
			remoteGlobalIDString = 34744DF422EDEA9D007F52DC;
			remoteInfo = CQSwift;
		};
		34744E1522EDEA9F007F52DC /* PBXContainerItemProxy */ = {
			isa = PBXContainerItemProxy;
			containerPortal = 34744DED22EDEA9D007F52DC /* Project object */;
			proxyType = 1;
			remoteGlobalIDString = 34744DF422EDEA9D007F52DC;
			remoteInfo = CQSwift;
		};
/* End PBXContainerItemProxy section */

/* Begin PBXFileReference section */
		2422067E2704120600350DF0 /* CQView+Extension.swift */ = {isa = PBXFileReference; lastKnownFileType = sourcecode.swift; path = "CQView+Extension.swift"; sourceTree = "<group>"; };
		2422068627043E1500350DF0 /* CQGridLockManager.swift */ = {isa = PBXFileReference; lastKnownFileType = sourcecode.swift; path = CQGridLockManager.swift; sourceTree = "<group>"; };
		2426241527EABED500AEC968 /* CQCycleView.swift */ = {isa = PBXFileReference; lastKnownFileType = sourcecode.swift; path = CQCycleView.swift; sourceTree = "<group>"; };
		2426242027EAFC3900AEC968 /* header.h */ = {isa = PBXFileReference; lastKnownFileType = sourcecode.c.h; path = header.h; sourceTree = "<group>"; };
		2426242A27EAFD0100AEC968 /* UIImage+CQExtern.h */ = {isa = PBXFileReference; lastKnownFileType = sourcecode.c.h; path = "UIImage+CQExtern.h"; sourceTree = "<group>"; };
		2426242B27EAFD0100AEC968 /* UIImage+CQExtern.m */ = {isa = PBXFileReference; lastKnownFileType = sourcecode.c.objc; path = "UIImage+CQExtern.m"; sourceTree = "<group>"; };
		242CE793243C27ED00DF059D /* CQError.swift */ = {isa = PBXFileReference; fileEncoding = 4; lastKnownFileType = sourcecode.swift; path = CQError.swift; sourceTree = "<group>"; };
		242CE794243C27ED00DF059D /* CQModelManager.swift */ = {isa = PBXFileReference; fileEncoding = 4; lastKnownFileType = sourcecode.swift; path = CQModelManager.swift; sourceTree = "<group>"; };
		242CE795243C27ED00DF059D /* CQConstant.swift */ = {isa = PBXFileReference; fileEncoding = 4; lastKnownFileType = sourcecode.swift; path = CQConstant.swift; sourceTree = "<group>"; };
		242CE797243C27ED00DF059D /* CQTransitionModelManager.swift */ = {isa = PBXFileReference; fileEncoding = 4; lastKnownFileType = sourcecode.swift; path = CQTransitionModelManager.swift; sourceTree = "<group>"; };
		242F365027166D77006562BF /* CQWebViewController.swift */ = {isa = PBXFileReference; lastKnownFileType = sourcecode.swift; path = CQWebViewController.swift; sourceTree = "<group>"; };
		242F365527166DC1006562BF /* CQJSClient.swift */ = {isa = PBXFileReference; lastKnownFileType = sourcecode.swift; path = CQJSClient.swift; sourceTree = "<group>"; };
		24356955270308650015C447 /* CQGridLockController.swift */ = {isa = PBXFileReference; lastKnownFileType = sourcecode.swift; path = CQGridLockController.swift; sourceTree = "<group>"; };
		2435695D27030C8C0015C447 /* CQGridLockCreateVC.swift */ = {isa = PBXFileReference; lastKnownFileType = sourcecode.swift; path = CQGridLockCreateVC.swift; sourceTree = "<group>"; };
		2435696227030CAA0015C447 /* CQGridLockView.swift */ = {isa = PBXFileReference; lastKnownFileType = sourcecode.swift; path = CQGridLockView.swift; sourceTree = "<group>"; };
		2435696727030EC30015C447 /* CQGridLockIndicatorView.swift */ = {isa = PBXFileReference; lastKnownFileType = sourcecode.swift; path = CQGridLockIndicatorView.swift; sourceTree = "<group>"; };
		244DA60924470618008B3B57 /* CQMoreEditContentView.swift */ = {isa = PBXFileReference; fileEncoding = 4; lastKnownFileType = sourcecode.swift; path = CQMoreEditContentView.swift; sourceTree = "<group>"; };
		244DA60A24470618008B3B57 /* CQMoreHeader.swift */ = {isa = PBXFileReference; fileEncoding = 4; lastKnownFileType = sourcecode.swift; path = CQMoreHeader.swift; sourceTree = "<group>"; };
		244DA60B24470618008B3B57 /* CQMoreCell.swift */ = {isa = PBXFileReference; fileEncoding = 4; lastKnownFileType = sourcecode.swift; path = CQMoreCell.swift; sourceTree = "<group>"; };
		244DA60C24470618008B3B57 /* CQMoreEditHeader.swift */ = {isa = PBXFileReference; fileEncoding = 4; lastKnownFileType = sourcecode.swift; path = CQMoreEditHeader.swift; sourceTree = "<group>"; };
		244DA60D24470618008B3B57 /* CQMoreFooter.swift */ = {isa = PBXFileReference; fileEncoding = 4; lastKnownFileType = sourcecode.swift; path = CQMoreFooter.swift; sourceTree = "<group>"; };
		244DA60E24470618008B3B57 /* CQTopView.swift */ = {isa = PBXFileReference; fileEncoding = 4; lastKnownFileType = sourcecode.swift; path = CQTopView.swift; sourceTree = "<group>"; };
		244DA61024470619008B3B57 /* CQAppsController.swift */ = {isa = PBXFileReference; fileEncoding = 4; lastKnownFileType = sourcecode.swift; path = CQAppsController.swift; sourceTree = "<group>"; };
		244DA61224470619008B3B57 /* CQAppSectionModel.swift */ = {isa = PBXFileReference; fileEncoding = 4; lastKnownFileType = sourcecode.swift; path = CQAppSectionModel.swift; sourceTree = "<group>"; };
		244DA61324470619008B3B57 /* CQFrequentlyAppModel+CoreDataClass.swift */ = {isa = PBXFileReference; fileEncoding = 4; lastKnownFileType = sourcecode.swift; path = "CQFrequentlyAppModel+CoreDataClass.swift"; sourceTree = "<group>"; };
		244DA61424470619008B3B57 /* CQMoreDataManager.swift */ = {isa = PBXFileReference; fileEncoding = 4; lastKnownFileType = sourcecode.swift; path = CQMoreDataManager.swift; sourceTree = "<group>"; };
		244DA61524470619008B3B57 /* CQFrequentlyAppModel+CoreDataProperties.swift */ = {isa = PBXFileReference; fileEncoding = 4; lastKnownFileType = sourcecode.swift; path = "CQFrequentlyAppModel+CoreDataProperties.swift"; sourceTree = "<group>"; };
		2477F22327BE1A3A00218542 /* CQCycleController.swift */ = {isa = PBXFileReference; lastKnownFileType = sourcecode.swift; path = CQCycleController.swift; sourceTree = "<group>"; };
		247847D92448476B00229463 /* CQTopViewModel.swift */ = {isa = PBXFileReference; lastKnownFileType = sourcecode.swift; path = CQTopViewModel.swift; sourceTree = "<group>"; };
		247847DB244850A500229463 /* CQMoreViewModel.swift */ = {isa = PBXFileReference; lastKnownFileType = sourcecode.swift; path = CQMoreViewModel.swift; sourceTree = "<group>"; };
		2492FD45244D6FAD00957345 /* CQMainNavController+CQExtension.swift */ = {isa = PBXFileReference; lastKnownFileType = sourcecode.swift; path = "CQMainNavController+CQExtension.swift"; sourceTree = "<group>"; };
		24CD3AB4243EBEA100BB4D10 /* CQCoreDataTool.swift */ = {isa = PBXFileReference; lastKnownFileType = sourcecode.swift; path = CQCoreDataTool.swift; sourceTree = "<group>"; };
		24CD3ABF243EC8A900BB4D10 /* CQSwiftData.xcdatamodel */ = {isa = PBXFileReference; lastKnownFileType = wrapper.xcdatamodel; path = CQSwiftData.xcdatamodel; sourceTree = "<group>"; };
		24E5E4C324EE511600F60138 /* CQMTKVIewController.swift */ = {isa = PBXFileReference; lastKnownFileType = sourcecode.swift; path = CQMTKVIewController.swift; sourceTree = "<group>"; };
		24E5E4C624EE516100F60138 /* CQBgColorRender.swift */ = {isa = PBXFileReference; lastKnownFileType = sourcecode.swift; path = CQBgColorRender.swift; sourceTree = "<group>"; };
		24F949AF24F4AEDD006CC572 /* CQMTBufferGridVC.swift */ = {isa = PBXFileReference; lastKnownFileType = sourcecode.swift; path = CQMTBufferGridVC.swift; sourceTree = "<group>"; };
		24F949B124F4AFBB006CC572 /* CQGridRender.swift */ = {isa = PBXFileReference; lastKnownFileType = sourcecode.swift; path = CQGridRender.swift; sourceTree = "<group>"; };
		24F949B324F4B15E006CC572 /* CQGrid.metal */ = {isa = PBXFileReference; lastKnownFileType = sourcecode.metal; path = CQGrid.metal; sourceTree = "<group>"; };
		2FEE63F04346C3CAF9CEA536 /* Pods_CQSwift.framework */ = {isa = PBXFileReference; explicitFileType = wrapper.framework; includeInIndex = 0; path = Pods_CQSwift.framework; sourceTree = BUILT_PRODUCTS_DIR; };
		3404B880230C1ACB004CFA91 /* CQMainNavController.swift */ = {isa = PBXFileReference; lastKnownFileType = sourcecode.swift; path = CQMainNavController.swift; sourceTree = "<group>"; };
		3404B882230C2663004CFA91 /* CQMainController.swift */ = {isa = PBXFileReference; lastKnownFileType = sourcecode.swift; path = CQMainController.swift; sourceTree = "<group>"; };
		3404B884230C29A9004CFA91 /* CQMainCell.swift */ = {isa = PBXFileReference; lastKnownFileType = sourcecode.swift; path = CQMainCell.swift; sourceTree = "<group>"; };
		3404E6CC2311137C00014104 /* CQTableViewController.swift */ = {isa = PBXFileReference; lastKnownFileType = sourcecode.swift; path = CQTableViewController.swift; sourceTree = "<group>"; };
		3404E6CE231117CE00014104 /* CQTableViewModel.swift */ = {isa = PBXFileReference; lastKnownFileType = sourcecode.swift; path = CQTableViewModel.swift; sourceTree = "<group>"; };
		3412C44F230D2EDF0048A095 /* CQCollectionViewController.swift */ = {isa = PBXFileReference; lastKnownFileType = sourcecode.swift; path = CQCollectionViewController.swift; sourceTree = "<group>"; };
		3412C451230D2F400048A095 /* CQCollectionViewCell.swift */ = {isa = PBXFileReference; lastKnownFileType = sourcecode.swift; path = CQCollectionViewCell.swift; sourceTree = "<group>"; };
		3412C45F230D3CC30048A095 /* UIColor+CQExtension.swift */ = {isa = PBXFileReference; lastKnownFileType = sourcecode.swift; path = "UIColor+CQExtension.swift"; sourceTree = "<group>"; };
		3412C461230D44370048A095 /* UIView+CQExtension.swift */ = {isa = PBXFileReference; fileEncoding = 4; lastKnownFileType = sourcecode.swift; path = "UIView+CQExtension.swift"; sourceTree = "<group>"; };
		3419702A235D475200E154A2 /* qrcode.metal */ = {isa = PBXFileReference; lastKnownFileType = sourcecode.metal; path = qrcode.metal; sourceTree = "<group>"; };
		342C1C14235949AA0058E583 /* CQMetalFirstController.swift */ = {isa = PBXFileReference; lastKnownFileType = sourcecode.swift; path = CQMetalFirstController.swift; sourceTree = "<group>"; };
		342C1C16235949C20058E583 /* Shader.metal */ = {isa = PBXFileReference; lastKnownFileType = sourcecode.metal; path = Shader.metal; sourceTree = "<group>"; };
		342C1C1823594DA40058E583 /* CQMetalSecondController.swift */ = {isa = PBXFileReference; lastKnownFileType = sourcecode.swift; path = CQMetalSecondController.swift; sourceTree = "<group>"; };
		343C22B024F2185900CFB6B6 /* CQMTTriangleVC.swift */ = {isa = PBXFileReference; fileEncoding = 4; lastKnownFileType = sourcecode.swift; path = CQMTTriangleVC.swift; sourceTree = "<group>"; };
		343C22B124F2185900CFB6B6 /* CQTriangleRender.swift */ = {isa = PBXFileReference; fileEncoding = 4; lastKnownFileType = sourcecode.swift; path = CQTriangleRender.swift; sourceTree = "<group>"; };
		343C22B224F2185900CFB6B6 /* CQTriangle.metal */ = {isa = PBXFileReference; fileEncoding = 4; lastKnownFileType = sourcecode.metal; path = CQTriangle.metal; sourceTree = "<group>"; };
		34744DF522EDEA9D007F52DC /* CQSwift.app */ = {isa = PBXFileReference; explicitFileType = wrapper.application; includeInIndex = 0; path = CQSwift.app; sourceTree = BUILT_PRODUCTS_DIR; };
		34744DF822EDEA9D007F52DC /* AppDelegate.swift */ = {isa = PBXFileReference; lastKnownFileType = sourcecode.swift; path = AppDelegate.swift; sourceTree = "<group>"; };
		34744DFD22EDEA9D007F52DC /* Base */ = {isa = PBXFileReference; lastKnownFileType = file.storyboard; name = Base; path = Base.lproj/Main.storyboard; sourceTree = "<group>"; };
		34744DFF22EDEA9F007F52DC /* Assets.xcassets */ = {isa = PBXFileReference; lastKnownFileType = folder.assetcatalog; path = Assets.xcassets; sourceTree = "<group>"; };
		34744E0222EDEA9F007F52DC /* Base */ = {isa = PBXFileReference; lastKnownFileType = file.storyboard; name = Base; path = Base.lproj/LaunchScreen.storyboard; sourceTree = "<group>"; };
		34744E0422EDEA9F007F52DC /* Info.plist */ = {isa = PBXFileReference; lastKnownFileType = text.plist.xml; path = Info.plist; sourceTree = "<group>"; };
		34744E0922EDEA9F007F52DC /* CQSwiftTests.xctest */ = {isa = PBXFileReference; explicitFileType = wrapper.cfbundle; includeInIndex = 0; path = CQSwiftTests.xctest; sourceTree = BUILT_PRODUCTS_DIR; };
		34744E0D22EDEA9F007F52DC /* CQSwiftTests.swift */ = {isa = PBXFileReference; lastKnownFileType = sourcecode.swift; path = CQSwiftTests.swift; sourceTree = "<group>"; };
		34744E0F22EDEA9F007F52DC /* Info.plist */ = {isa = PBXFileReference; lastKnownFileType = text.plist.xml; path = Info.plist; sourceTree = "<group>"; };
		34744E1422EDEA9F007F52DC /* CQSwiftUITests.xctest */ = {isa = PBXFileReference; explicitFileType = wrapper.cfbundle; includeInIndex = 0; path = CQSwiftUITests.xctest; sourceTree = BUILT_PRODUCTS_DIR; };
		34744E1822EDEA9F007F52DC /* CQSwiftUITests.swift */ = {isa = PBXFileReference; lastKnownFileType = sourcecode.swift; path = CQSwiftUITests.swift; sourceTree = "<group>"; };
		34744E1A22EDEA9F007F52DC /* Info.plist */ = {isa = PBXFileReference; lastKnownFileType = text.plist.xml; path = Info.plist; sourceTree = "<group>"; };
		34ACC120236A875000C676C0 /* CQDispatchVC.swift */ = {isa = PBXFileReference; lastKnownFileType = sourcecode.swift; path = CQDispatchVC.swift; sourceTree = "<group>"; };
		34C1A3B2231658250079A935 /* CQMainHeaderView.swift */ = {isa = PBXFileReference; lastKnownFileType = sourcecode.swift; path = CQMainHeaderView.swift; sourceTree = "<group>"; };
		34C1A3B52316598F0079A935 /* CQWaveView.swift */ = {isa = PBXFileReference; lastKnownFileType = sourcecode.swift; path = CQWaveView.swift; sourceTree = "<group>"; };
		34C1F5F8233F9DD6004F3146 /* CQRXDriverVC.swift */ = {isa = PBXFileReference; lastKnownFileType = sourcecode.swift; path = CQRXDriverVC.swift; sourceTree = "<group>"; };
		34D6A5A5232B348500B740CA /* CQRXSwifObservableVC.swift */ = {isa = PBXFileReference; lastKnownFileType = sourcecode.swift; path = CQRXSwifObservableVC.swift; sourceTree = "<group>"; };
		34D6A5A7232B396300B740CA /* SwiftTheme.framework */ = {isa = PBXFileReference; explicitFileType = wrapper.framework; path = SwiftTheme.framework; sourceTree = BUILT_PRODUCTS_DIR; };
		34ECF8C52335BDA800DDF8BD /* CQRXSwiftUIObserverableVC.swift */ = {isa = PBXFileReference; lastKnownFileType = sourcecode.swift; path = CQRXSwiftUIObserverableVC.swift; sourceTree = "<group>"; };
		34ECF8C72335BDCE00DDF8BD /* CQRXSwiftUIObserverableVC.storyboard */ = {isa = PBXFileReference; lastKnownFileType = file.storyboard; path = CQRXSwiftUIObserverableVC.storyboard; sourceTree = "<group>"; };
		587643FE5871BF1FD3AC8A41 /* Pods-CQSwift.debug.xcconfig */ = {isa = PBXFileReference; includeInIndex = 1; lastKnownFileType = text.xcconfig; name = "Pods-CQSwift.debug.xcconfig"; path = "Pods/Target Support Files/Pods-CQSwift/Pods-CQSwift.debug.xcconfig"; sourceTree = "<group>"; };
		67CD48A612D079967774FEDA /* Pods-CQSwift.release.xcconfig */ = {isa = PBXFileReference; includeInIndex = 1; lastKnownFileType = text.xcconfig; name = "Pods-CQSwift.release.xcconfig"; path = "Pods/Target Support Files/Pods-CQSwift/Pods-CQSwift.release.xcconfig"; sourceTree = "<group>"; };
/* End PBXFileReference section */

/* Begin PBXFrameworksBuildPhase section */
		34744DF222EDEA9D007F52DC /* Frameworks */ = {
			isa = PBXFrameworksBuildPhase;
			buildActionMask = 2147483647;
			files = (
				58B6657D117F6F09A2A3668C /* Pods_CQSwift.framework in Frameworks */,
			);
			runOnlyForDeploymentPostprocessing = 0;
		};
		34744E0622EDEA9F007F52DC /* Frameworks */ = {
			isa = PBXFrameworksBuildPhase;
			buildActionMask = 2147483647;
			files = (
			);
			runOnlyForDeploymentPostprocessing = 0;
		};
		34744E1122EDEA9F007F52DC /* Frameworks */ = {
			isa = PBXFrameworksBuildPhase;
			buildActionMask = 2147483647;
			files = (
			);
			runOnlyForDeploymentPostprocessing = 0;
		};
/* End PBXFrameworksBuildPhase section */

/* Begin PBXGroup section */
		2422067D2704117600350DF0 /* CQExtension */ = {
			isa = PBXGroup;
			children = (
				2422067E2704120600350DF0 /* CQView+Extension.swift */,
			);
			path = CQExtension;
			sourceTree = "<group>";
		};
		242CE792243C27ED00DF059D /* CQBase */ = {
			isa = PBXGroup;
			children = (
				242CE793243C27ED00DF059D /* CQError.swift */,
				242CE794243C27ED00DF059D /* CQModelManager.swift */,
				242CE795243C27ED00DF059D /* CQConstant.swift */,
				242CE797243C27ED00DF059D /* CQTransitionModelManager.swift */,
			);
			path = CQBase;
			sourceTree = "<group>";
		};
		242F364F27166CC7006562BF /* CQJSHandle */ = {
			isa = PBXGroup;
			children = (
				242F365027166D77006562BF /* CQWebViewController.swift */,
				242F365527166DC1006562BF /* CQJSClient.swift */,
			);
			path = CQJSHandle;
			sourceTree = "<group>";
		};
		24356954270307F50015C447 /* CQGridLock */ = {
			isa = PBXGroup;
			children = (
				24356955270308650015C447 /* CQGridLockController.swift */,
				2435695D27030C8C0015C447 /* CQGridLockCreateVC.swift */,
				2435696227030CAA0015C447 /* CQGridLockView.swift */,
				2435696727030EC30015C447 /* CQGridLockIndicatorView.swift */,
				2422068627043E1500350DF0 /* CQGridLockManager.swift */,
			);
			path = CQGridLock;
			sourceTree = "<group>";
		};
		244DA60824470618008B3B57 /* View */ = {
			isa = PBXGroup;
			children = (
				244DA60924470618008B3B57 /* CQMoreEditContentView.swift */,
				244DA60A24470618008B3B57 /* CQMoreHeader.swift */,
				244DA60B24470618008B3B57 /* CQMoreCell.swift */,
				244DA60C24470618008B3B57 /* CQMoreEditHeader.swift */,
				244DA60D24470618008B3B57 /* CQMoreFooter.swift */,
				244DA60E24470618008B3B57 /* CQTopView.swift */,
			);
			path = View;
			sourceTree = "<group>";
		};
		244DA60F24470619008B3B57 /* Controller */ = {
			isa = PBXGroup;
			children = (
				244DA61024470619008B3B57 /* CQAppsController.swift */,
			);
			path = Controller;
			sourceTree = "<group>";
		};
		244DA61124470619008B3B57 /* Model */ = {
			isa = PBXGroup;
			children = (
				244DA61224470619008B3B57 /* CQAppSectionModel.swift */,
				244DA61324470619008B3B57 /* CQFrequentlyAppModel+CoreDataClass.swift */,
				244DA61524470619008B3B57 /* CQFrequentlyAppModel+CoreDataProperties.swift */,
				244DA61424470619008B3B57 /* CQMoreDataManager.swift */,
				247847D92448476B00229463 /* CQTopViewModel.swift */,
				247847DB244850A500229463 /* CQMoreViewModel.swift */,
			);
			path = Model;
			sourceTree = "<group>";
		};
		2455CBB8243706970017C6E5 /* CQApps */ = {
			isa = PBXGroup;
			children = (
				244DA60F24470619008B3B57 /* Controller */,
				244DA61124470619008B3B57 /* Model */,
				244DA60824470618008B3B57 /* View */,
			);
			path = CQApps;
			sourceTree = "<group>";
		};
		2477F22227BE1A1600218542 /* CQCycle */ = {
			isa = PBXGroup;
			children = (
				2477F22327BE1A3A00218542 /* CQCycleController.swift */,
				2426241527EABED500AEC968 /* CQCycleView.swift */,
			);
			path = CQCycle;
			sourceTree = "<group>";
		};
		24CD3AB0243EBE8200BB4D10 /* CQCoreData */ = {
			isa = PBXGroup;
			children = (
				24CD3AB4243EBEA100BB4D10 /* CQCoreDataTool.swift */,
				24CD3ABE243EC8A900BB4D10 /* CQSwiftData.xcdatamodeld */,
			);
			path = CQCoreData;
			sourceTree = "<group>";
		};
		24E5E4C224EE502000F60138 /* MTKView背景颜色渐变 */ = {
			isa = PBXGroup;
			children = (
				24E5E4C524EE512D00F60138 /* Render */,
				24E5E4C324EE511600F60138 /* CQMTKVIewController.swift */,
			);
			path = "MTKView背景颜色渐变";
			sourceTree = "<group>";
		};
		24E5E4C524EE512D00F60138 /* Render */ = {
			isa = PBXGroup;
			children = (
				24E5E4C624EE516100F60138 /* CQBgColorRender.swift */,
			);
			path = Render;
			sourceTree = "<group>";
		};
		24F949AE24F4AD29006CC572 /* MTKView MTBuffer方格 */ = {
			isa = PBXGroup;
			children = (
				24F949AF24F4AEDD006CC572 /* CQMTBufferGridVC.swift */,
				24F949B124F4AFBB006CC572 /* CQGridRender.swift */,
				24F949B324F4B15E006CC572 /* CQGrid.metal */,
			);
			path = "MTKView MTBuffer方格";
			sourceTree = "<group>";
		};
		3404E6CB2311136200014104 /* CQTableView */ = {
			isa = PBXGroup;
			children = (
				34C1F5FA233F9E0F004F3146 /* Model */,
				3404E6CC2311137C00014104 /* CQTableViewController.swift */,
				34D6A5A5232B348500B740CA /* CQRXSwifObservableVC.swift */,
				34ECF8C52335BDA800DDF8BD /* CQRXSwiftUIObserverableVC.swift */,
				34ECF8C72335BDCE00DDF8BD /* CQRXSwiftUIObserverableVC.storyboard */,
				34C1F5F8233F9DD6004F3146 /* CQRXDriverVC.swift */,
				34ACC120236A875000C676C0 /* CQDispatchVC.swift */,
			);
			path = CQTableView;
			sourceTree = "<group>";
		};
		3412C44E230D2EAD0048A095 /* CQCollectionView */ = {
			isa = PBXGroup;
			children = (
				2477F22227BE1A1600218542 /* CQCycle */,
				2455CBB8243706970017C6E5 /* CQApps */,
				342C1C13235949890058E583 /* Metal */,
				3412C44F230D2EDF0048A095 /* CQCollectionViewController.swift */,
				3412C451230D2F400048A095 /* CQCollectionViewCell.swift */,
			);
			path = CQCollectionView;
			sourceTree = "<group>";
		};
		3412C456230D38230048A095 /* CQCategory */ = {
			isa = PBXGroup;
			children = (
				3412C45F230D3CC30048A095 /* UIColor+CQExtension.swift */,
				3412C461230D44370048A095 /* UIView+CQExtension.swift */,
				2492FD45244D6FAD00957345 /* CQMainNavController+CQExtension.swift */,
				2426242A27EAFD0100AEC968 /* UIImage+CQExtern.h */,
				2426242B27EAFD0100AEC968 /* UIImage+CQExtern.m */,
			);
			path = CQCategory;
			sourceTree = "<group>";
		};
		342C1C13235949890058E583 /* Metal */ = {
			isa = PBXGroup;
			children = (
				24F949AE24F4AD29006CC572 /* MTKView MTBuffer方格 */,
				343C22AF24F2185900CFB6B6 /* MTKView三角形 */,
				24E5E4C224EE502000F60138 /* MTKView背景颜色渐变 */,
				342C1C14235949AA0058E583 /* CQMetalFirstController.swift */,
				342C1C16235949C20058E583 /* Shader.metal */,
				342C1C1823594DA40058E583 /* CQMetalSecondController.swift */,
				3419702A235D475200E154A2 /* qrcode.metal */,
			);
			path = Metal;
			sourceTree = "<group>";
		};
		343C22AF24F2185900CFB6B6 /* MTKView三角形 */ = {
			isa = PBXGroup;
			children = (
				343C22B024F2185900CFB6B6 /* CQMTTriangleVC.swift */,
				343C22B124F2185900CFB6B6 /* CQTriangleRender.swift */,
				343C22B224F2185900CFB6B6 /* CQTriangle.metal */,
			);
			path = "MTKView三角形";
			sourceTree = "<group>";
		};
		34744DEC22EDEA9D007F52DC = {
			isa = PBXGroup;
			children = (
				34744DF722EDEA9D007F52DC /* CQSwift */,
				34744E0C22EDEA9F007F52DC /* CQSwiftTests */,
				34744E1722EDEA9F007F52DC /* CQSwiftUITests */,
				34744DF622EDEA9D007F52DC /* Products */,
				51FB9ACED9373FB80EAB99D4 /* Pods */,
				897BE2416489BF9C34282B59 /* Frameworks */,
			);
			sourceTree = "<group>";
		};
		34744DF622EDEA9D007F52DC /* Products */ = {
			isa = PBXGroup;
			children = (
				34744DF522EDEA9D007F52DC /* CQSwift.app */,
				34744E0922EDEA9F007F52DC /* CQSwiftTests.xctest */,
				34744E1422EDEA9F007F52DC /* CQSwiftUITests.xctest */,
			);
			name = Products;
			sourceTree = "<group>";
		};
		34744DF722EDEA9D007F52DC /* CQSwift */ = {
			isa = PBXGroup;
			children = (
				242F364F27166CC7006562BF /* CQJSHandle */,
				2422067D2704117600350DF0 /* CQExtension */,
				24356954270307F50015C447 /* CQGridLock */,
				34C1A3B4231659780079A935 /* CQCustomView */,
				3412C44E230D2EAD0048A095 /* CQCollectionView */,
				3404E6CB2311136200014104 /* CQTableView */,
				34744DF822EDEA9D007F52DC /* AppDelegate.swift */,
				2426242027EAFC3900AEC968 /* header.h */,
				3404B880230C1ACB004CFA91 /* CQMainNavController.swift */,
				3404B882230C2663004CFA91 /* CQMainController.swift */,
				34C1A3B2231658250079A935 /* CQMainHeaderView.swift */,
				3404B884230C29A9004CFA91 /* CQMainCell.swift */,
				34744DFC22EDEA9D007F52DC /* Main.storyboard */,
				34744DFF22EDEA9F007F52DC /* Assets.xcassets */,
				34744E0122EDEA9F007F52DC /* LaunchScreen.storyboard */,
				34744E0422EDEA9F007F52DC /* Info.plist */,
				24CD3AB0243EBE8200BB4D10 /* CQCoreData */,
				242CE792243C27ED00DF059D /* CQBase */,
				3412C456230D38230048A095 /* CQCategory */,
			);
			path = CQSwift;
			sourceTree = "<group>";
		};
		34744E0C22EDEA9F007F52DC /* CQSwiftTests */ = {
			isa = PBXGroup;
			children = (
				34744E0D22EDEA9F007F52DC /* CQSwiftTests.swift */,
				34744E0F22EDEA9F007F52DC /* Info.plist */,
			);
			path = CQSwiftTests;
			sourceTree = "<group>";
		};
		34744E1722EDEA9F007F52DC /* CQSwiftUITests */ = {
			isa = PBXGroup;
			children = (
				34744E1822EDEA9F007F52DC /* CQSwiftUITests.swift */,
				34744E1A22EDEA9F007F52DC /* Info.plist */,
			);
			path = CQSwiftUITests;
			sourceTree = "<group>";
		};
		34C1A3B4231659780079A935 /* CQCustomView */ = {
			isa = PBXGroup;
			children = (
				34C1A3B52316598F0079A935 /* CQWaveView.swift */,
			);
			path = CQCustomView;
			sourceTree = "<group>";
		};
		34C1F5FA233F9E0F004F3146 /* Model */ = {
			isa = PBXGroup;
			children = (
				3404E6CE231117CE00014104 /* CQTableViewModel.swift */,
			);
			path = Model;
			sourceTree = "<group>";
		};
		51FB9ACED9373FB80EAB99D4 /* Pods */ = {
			isa = PBXGroup;
			children = (
				587643FE5871BF1FD3AC8A41 /* Pods-CQSwift.debug.xcconfig */,
				67CD48A612D079967774FEDA /* Pods-CQSwift.release.xcconfig */,
			);
			name = Pods;
			sourceTree = "<group>";
		};
		897BE2416489BF9C34282B59 /* Frameworks */ = {
			isa = PBXGroup;
			children = (
				34D6A5A7232B396300B740CA /* SwiftTheme.framework */,
				2FEE63F04346C3CAF9CEA536 /* Pods_CQSwift.framework */,
			);
			name = Frameworks;
			sourceTree = "<group>";
		};
/* End PBXGroup section */

/* Begin PBXNativeTarget section */
		34744DF422EDEA9D007F52DC /* CQSwift */ = {
			isa = PBXNativeTarget;
			buildConfigurationList = 34744E1D22EDEA9F007F52DC /* Build configuration list for PBXNativeTarget "CQSwift" */;
			buildPhases = (
				100624DCFBC6C901201C1521 /* [CP] Check Pods Manifest.lock */,
				34744DF122EDEA9D007F52DC /* Sources */,
				34744DF222EDEA9D007F52DC /* Frameworks */,
				34744DF322EDEA9D007F52DC /* Resources */,
				64DDDDFB3F9584E0D3823420 /* [CP] Embed Pods Frameworks */,
			);
			buildRules = (
			);
			dependencies = (
			);
			name = CQSwift;
			productName = CQSwift;
			productReference = 34744DF522EDEA9D007F52DC /* CQSwift.app */;
			productType = "com.apple.product-type.application";
		};
		34744E0822EDEA9F007F52DC /* CQSwiftTests */ = {
			isa = PBXNativeTarget;
			buildConfigurationList = 34744E2022EDEA9F007F52DC /* Build configuration list for PBXNativeTarget "CQSwiftTests" */;
			buildPhases = (
				34744E0522EDEA9F007F52DC /* Sources */,
				34744E0622EDEA9F007F52DC /* Frameworks */,
				34744E0722EDEA9F007F52DC /* Resources */,
			);
			buildRules = (
			);
			dependencies = (
				34744E0B22EDEA9F007F52DC /* PBXTargetDependency */,
			);
			name = CQSwiftTests;
			productName = CQSwiftTests;
			productReference = 34744E0922EDEA9F007F52DC /* CQSwiftTests.xctest */;
			productType = "com.apple.product-type.bundle.unit-test";
		};
		34744E1322EDEA9F007F52DC /* CQSwiftUITests */ = {
			isa = PBXNativeTarget;
			buildConfigurationList = 34744E2322EDEA9F007F52DC /* Build configuration list for PBXNativeTarget "CQSwiftUITests" */;
			buildPhases = (
				34744E1022EDEA9F007F52DC /* Sources */,
				34744E1122EDEA9F007F52DC /* Frameworks */,
				34744E1222EDEA9F007F52DC /* Resources */,
			);
			buildRules = (
			);
			dependencies = (
				34744E1622EDEA9F007F52DC /* PBXTargetDependency */,
			);
			name = CQSwiftUITests;
			productName = CQSwiftUITests;
			productReference = 34744E1422EDEA9F007F52DC /* CQSwiftUITests.xctest */;
			productType = "com.apple.product-type.bundle.ui-testing";
		};
/* End PBXNativeTarget section */

/* Begin PBXProject section */
		34744DED22EDEA9D007F52DC /* Project object */ = {
			isa = PBXProject;
			attributes = {
				CLASSPREFIX = CQ;
				LastSwiftUpdateCheck = 1020;
				LastUpgradeCheck = 1020;
				ORGANIZATIONNAME = "李超群";
				TargetAttributes = {
					34744DF422EDEA9D007F52DC = {
						CreatedOnToolsVersion = 10.2.1;
						LastSwiftMigration = 1150;
					};
					34744E0822EDEA9F007F52DC = {
						CreatedOnToolsVersion = 10.2.1;
						TestTargetID = 34744DF422EDEA9D007F52DC;
					};
					34744E1322EDEA9F007F52DC = {
						CreatedOnToolsVersion = 10.2.1;
						TestTargetID = 34744DF422EDEA9D007F52DC;
					};
				};
			};
			buildConfigurationList = 34744DF022EDEA9D007F52DC /* Build configuration list for PBXProject "CQSwift" */;
			compatibilityVersion = "Xcode 9.3";
			developmentRegion = en;
			hasScannedForEncodings = 0;
			knownRegions = (
				en,
				Base,
			);
			mainGroup = 34744DEC22EDEA9D007F52DC;
			productRefGroup = 34744DF622EDEA9D007F52DC /* Products */;
			projectDirPath = "";
			projectRoot = "";
			targets = (
				34744DF422EDEA9D007F52DC /* CQSwift */,
				34744E0822EDEA9F007F52DC /* CQSwiftTests */,
				34744E1322EDEA9F007F52DC /* CQSwiftUITests */,
			);
		};
/* End PBXProject section */

/* Begin PBXResourcesBuildPhase section */
		34744DF322EDEA9D007F52DC /* Resources */ = {
			isa = PBXResourcesBuildPhase;
			buildActionMask = 2147483647;
			files = (
				34744E0322EDEA9F007F52DC /* LaunchScreen.storyboard in Resources */,
				34ECF8C82335BDCE00DDF8BD /* CQRXSwiftUIObserverableVC.storyboard in Resources */,
				34744E0022EDEA9F007F52DC /* Assets.xcassets in Resources */,
				34744DFE22EDEA9D007F52DC /* Main.storyboard in Resources */,
			);
			runOnlyForDeploymentPostprocessing = 0;
		};
		34744E0722EDEA9F007F52DC /* Resources */ = {
			isa = PBXResourcesBuildPhase;
			buildActionMask = 2147483647;
			files = (
			);
			runOnlyForDeploymentPostprocessing = 0;
		};
		34744E1222EDEA9F007F52DC /* Resources */ = {
			isa = PBXResourcesBuildPhase;
			buildActionMask = 2147483647;
			files = (
			);
			runOnlyForDeploymentPostprocessing = 0;
		};
/* End PBXResourcesBuildPhase section */

/* Begin PBXShellScriptBuildPhase section */
		100624DCFBC6C901201C1521 /* [CP] Check Pods Manifest.lock */ = {
			isa = PBXShellScriptBuildPhase;
			buildActionMask = 2147483647;
			files = (
			);
			inputPaths = (
				"${PODS_PODFILE_DIR_PATH}/Podfile.lock",
				"${PODS_ROOT}/Manifest.lock",
			);
			name = "[CP] Check Pods Manifest.lock";
			outputPaths = (
				"$(DERIVED_FILE_DIR)/Pods-CQSwift-checkManifestLockResult.txt",
			);
			runOnlyForDeploymentPostprocessing = 0;
			shellPath = /bin/sh;
			shellScript = "diff \"${PODS_PODFILE_DIR_PATH}/Podfile.lock\" \"${PODS_ROOT}/Manifest.lock\" > /dev/null\nif [ $? != 0 ] ; then\n    # print error to STDERR\n    echo \"error: The sandbox is not in sync with the Podfile.lock. Run 'pod install' or update your CocoaPods installation.\" >&2\n    exit 1\nfi\n# This output is used by Xcode 'outputs' to avoid re-running this script phase.\necho \"SUCCESS\" > \"${SCRIPT_OUTPUT_FILE_0}\"\n";
			showEnvVarsInLog = 0;
		};
		64DDDDFB3F9584E0D3823420 /* [CP] Embed Pods Frameworks */ = {
			isa = PBXShellScriptBuildPhase;
			buildActionMask = 2147483647;
			files = (
			);
			inputFileListPaths = (
				"${PODS_ROOT}/Target Support Files/Pods-CQSwift/Pods-CQSwift-frameworks-${CONFIGURATION}-input-files.xcfilelist",
			);
			name = "[CP] Embed Pods Frameworks";
			outputFileListPaths = (
				"${PODS_ROOT}/Target Support Files/Pods-CQSwift/Pods-CQSwift-frameworks-${CONFIGURATION}-output-files.xcfilelist",
			);
			runOnlyForDeploymentPostprocessing = 0;
			shellPath = /bin/sh;
			shellScript = "\"${PODS_ROOT}/Target Support Files/Pods-CQSwift/Pods-CQSwift-frameworks.sh\"\n";
			showEnvVarsInLog = 0;
		};
/* End PBXShellScriptBuildPhase section */

/* Begin PBXSourcesBuildPhase section */
		34744DF122EDEA9D007F52DC /* Sources */ = {
			isa = PBXSourcesBuildPhase;
			buildActionMask = 2147483647;
			files = (
				2422068727043E1500350DF0 /* CQGridLockManager.swift in Sources */,
				2426241627EABED500AEC968 /* CQCycleView.swift in Sources */,
				244DA61C24470619008B3B57 /* CQAppsController.swift in Sources */,
				24F949B224F4AFBB006CC572 /* CQGridRender.swift in Sources */,
				244DA61E24470619008B3B57 /* CQFrequentlyAppModel+CoreDataClass.swift in Sources */,
				342C1C17235949C20058E583 /* Shader.metal in Sources */,
				247847DC244850A500229463 /* CQMoreViewModel.swift in Sources */,
				34C1F5F9233F9DD6004F3146 /* CQRXDriverVC.swift in Sources */,
				24356956270308650015C447 /* CQGridLockController.swift in Sources */,
				2435695E27030C8C0015C447 /* CQGridLockCreateVC.swift in Sources */,
				3404B883230C2663004CFA91 /* CQMainController.swift in Sources */,
				24F949B424F4B15E006CC572 /* CQGrid.metal in Sources */,
				3412C450230D2EDF0048A095 /* CQCollectionViewController.swift in Sources */,
				244DA61A24470619008B3B57 /* CQMoreFooter.swift in Sources */,
				242CE79C243C27ED00DF059D /* CQTransitionModelManager.swift in Sources */,
				244DA61D24470619008B3B57 /* CQAppSectionModel.swift in Sources */,
				34D6A5A6232B348500B740CA /* CQRXSwifObservableVC.swift in Sources */,
				242F365127166D77006562BF /* CQWebViewController.swift in Sources */,
				2426242C27EAFD0100AEC968 /* UIImage+CQExtern.m in Sources */,
				342C1C15235949AA0058E583 /* CQMetalFirstController.swift in Sources */,
				242CE798243C27ED00DF059D /* CQError.swift in Sources */,
				342C1C1923594DA40058E583 /* CQMetalSecondController.swift in Sources */,
				244DA61624470619008B3B57 /* CQMoreEditContentView.swift in Sources */,
				244DA61824470619008B3B57 /* CQMoreCell.swift in Sources */,
				3412C462230D44380048A095 /* UIView+CQExtension.swift in Sources */,
				2435696327030CAA0015C447 /* CQGridLockView.swift in Sources */,
				3404B885230C29A9004CFA91 /* CQMainCell.swift in Sources */,
				24CD3AB5243EBEA100BB4D10 /* CQCoreDataTool.swift in Sources */,
				343C22B424F2185900CFB6B6 /* CQMTTriangleVC.swift in Sources */,
				34744DF922EDEA9D007F52DC /* AppDelegate.swift in Sources */,
				242CE799243C27ED00DF059D /* CQModelManager.swift in Sources */,
				244DA61B24470619008B3B57 /* CQTopView.swift in Sources */,
				24E5E4C424EE511600F60138 /* CQMTKVIewController.swift in Sources */,
				2492FD46244D6FAD00957345 /* CQMainNavController+CQExtension.swift in Sources */,
				242CE79A243C27ED00DF059D /* CQConstant.swift in Sources */,
				2477F22427BE1A3A00218542 /* CQCycleController.swift in Sources */,
				2435696827030EC30015C447 /* CQGridLockIndicatorView.swift in Sources */,
				24CD3AC0243EC8A900BB4D10 /* CQSwiftData.xcdatamodeld in Sources */,
				2422067F2704120600350DF0 /* CQView+Extension.swift in Sources */,
				247847DA2448476B00229463 /* CQTopViewModel.swift in Sources */,
				34ECF8C62335BDA800DDF8BD /* CQRXSwiftUIObserverableVC.swift in Sources */,
				3412C452230D2F400048A095 /* CQCollectionViewCell.swift in Sources */,
				3404E6CD2311137C00014104 /* CQTableViewController.swift in Sources */,
				24F949B024F4AEDD006CC572 /* CQMTBufferGridVC.swift in Sources */,
				244DA61F24470619008B3B57 /* CQMoreDataManager.swift in Sources */,
				3404B881230C1ACB004CFA91 /* CQMainNavController.swift in Sources */,
				242F365627166DC1006562BF /* CQJSClient.swift in Sources */,
				343C22B624F2185900CFB6B6 /* CQTriangle.metal in Sources */,
				24E5E4C724EE516100F60138 /* CQBgColorRender.swift in Sources */,
				244DA62024470619008B3B57 /* CQFrequentlyAppModel+CoreDataProperties.swift in Sources */,
				343C22B524F2185900CFB6B6 /* CQTriangleRender.swift in Sources */,
				244DA61724470619008B3B57 /* CQMoreHeader.swift in Sources */,
				244DA61924470619008B3B57 /* CQMoreEditHeader.swift in Sources */,
				3419702B235D475200E154A2 /* qrcode.metal in Sources */,
				34C1A3B62316598F0079A935 /* CQWaveView.swift in Sources */,
				3404E6CF231117CE00014104 /* CQTableViewModel.swift in Sources */,
				34C1A3B3231658250079A935 /* CQMainHeaderView.swift in Sources */,
				34ACC121236A875000C676C0 /* CQDispatchVC.swift in Sources */,
				3412C460230D3CC30048A095 /* UIColor+CQExtension.swift in Sources */,
			);
			runOnlyForDeploymentPostprocessing = 0;
		};
		34744E0522EDEA9F007F52DC /* Sources */ = {
			isa = PBXSourcesBuildPhase;
			buildActionMask = 2147483647;
			files = (
				34744E0E22EDEA9F007F52DC /* CQSwiftTests.swift in Sources */,
			);
			runOnlyForDeploymentPostprocessing = 0;
		};
		34744E1022EDEA9F007F52DC /* Sources */ = {
			isa = PBXSourcesBuildPhase;
			buildActionMask = 2147483647;
			files = (
				34744E1922EDEA9F007F52DC /* CQSwiftUITests.swift in Sources */,
			);
			runOnlyForDeploymentPostprocessing = 0;
		};
/* End PBXSourcesBuildPhase section */

/* Begin PBXTargetDependency section */
		34744E0B22EDEA9F007F52DC /* PBXTargetDependency */ = {
			isa = PBXTargetDependency;
			target = 34744DF422EDEA9D007F52DC /* CQSwift */;
			targetProxy = 34744E0A22EDEA9F007F52DC /* PBXContainerItemProxy */;
		};
		34744E1622EDEA9F007F52DC /* PBXTargetDependency */ = {
			isa = PBXTargetDependency;
			target = 34744DF422EDEA9D007F52DC /* CQSwift */;
			targetProxy = 34744E1522EDEA9F007F52DC /* PBXContainerItemProxy */;
		};
/* End PBXTargetDependency section */

/* Begin PBXVariantGroup section */
		34744DFC22EDEA9D007F52DC /* Main.storyboard */ = {
			isa = PBXVariantGroup;
			children = (
				34744DFD22EDEA9D007F52DC /* Base */,
			);
			name = Main.storyboard;
			sourceTree = "<group>";
		};
		34744E0122EDEA9F007F52DC /* LaunchScreen.storyboard */ = {
			isa = PBXVariantGroup;
			children = (
				34744E0222EDEA9F007F52DC /* Base */,
			);
			name = LaunchScreen.storyboard;
			sourceTree = "<group>";
		};
/* End PBXVariantGroup section */

/* Begin XCBuildConfiguration section */
		34744E1B22EDEA9F007F52DC /* Debug */ = {
			isa = XCBuildConfiguration;
			buildSettings = {
				ALWAYS_SEARCH_USER_PATHS = NO;
				CLANG_ANALYZER_NONNULL = YES;
				CLANG_ANALYZER_NUMBER_OBJECT_CONVERSION = YES_AGGRESSIVE;
				CLANG_CXX_LANGUAGE_STANDARD = "gnu++14";
				CLANG_CXX_LIBRARY = "libc++";
				CLANG_ENABLE_MODULES = YES;
				CLANG_ENABLE_OBJC_ARC = YES;
				CLANG_ENABLE_OBJC_WEAK = YES;
				CLANG_WARN_BLOCK_CAPTURE_AUTORELEASING = YES;
				CLANG_WARN_BOOL_CONVERSION = YES;
				CLANG_WARN_COMMA = YES;
				CLANG_WARN_CONSTANT_CONVERSION = YES;
				CLANG_WARN_DEPRECATED_OBJC_IMPLEMENTATIONS = YES;
				CLANG_WARN_DIRECT_OBJC_ISA_USAGE = YES_ERROR;
				CLANG_WARN_DOCUMENTATION_COMMENTS = YES;
				CLANG_WARN_EMPTY_BODY = YES;
				CLANG_WARN_ENUM_CONVERSION = YES;
				CLANG_WARN_INFINITE_RECURSION = YES;
				CLANG_WARN_INT_CONVERSION = YES;
				CLANG_WARN_NON_LITERAL_NULL_CONVERSION = YES;
				CLANG_WARN_OBJC_IMPLICIT_RETAIN_SELF = YES;
				CLANG_WARN_OBJC_LITERAL_CONVERSION = YES;
				CLANG_WARN_OBJC_ROOT_CLASS = YES_ERROR;
				CLANG_WARN_RANGE_LOOP_ANALYSIS = YES;
				CLANG_WARN_STRICT_PROTOTYPES = YES;
				CLANG_WARN_SUSPICIOUS_MOVE = YES;
				CLANG_WARN_UNGUARDED_AVAILABILITY = YES_AGGRESSIVE;
				CLANG_WARN_UNREACHABLE_CODE = YES;
				CLANG_WARN__DUPLICATE_METHOD_MATCH = YES;
				CODE_SIGN_IDENTITY = "iPhone Developer";
				COPY_PHASE_STRIP = NO;
				DEBUG_INFORMATION_FORMAT = dwarf;
				ENABLE_STRICT_OBJC_MSGSEND = YES;
				ENABLE_TESTABILITY = YES;
				GCC_C_LANGUAGE_STANDARD = gnu11;
				GCC_DYNAMIC_NO_PIC = NO;
				GCC_NO_COMMON_BLOCKS = YES;
				GCC_OPTIMIZATION_LEVEL = 0;
				GCC_PREPROCESSOR_DEFINITIONS = (
					"DEBUG=1",
					"$(inherited)",
				);
				GCC_WARN_64_TO_32_BIT_CONVERSION = YES;
				GCC_WARN_ABOUT_RETURN_TYPE = YES_ERROR;
				GCC_WARN_UNDECLARED_SELECTOR = YES;
				GCC_WARN_UNINITIALIZED_AUTOS = YES_AGGRESSIVE;
				GCC_WARN_UNUSED_FUNCTION = YES;
				GCC_WARN_UNUSED_VARIABLE = YES;
				IPHONEOS_DEPLOYMENT_TARGET = 13.0;
				MTL_ENABLE_DEBUG_INFO = INCLUDE_SOURCE;
				MTL_FAST_MATH = YES;
				ONLY_ACTIVE_ARCH = YES;
				SDKROOT = iphoneos;
				SWIFT_ACTIVE_COMPILATION_CONDITIONS = DEBUG;
				SWIFT_OPTIMIZATION_LEVEL = "-Onone";
			};
			name = Debug;
		};
		34744E1C22EDEA9F007F52DC /* Release */ = {
			isa = XCBuildConfiguration;
			buildSettings = {
				ALWAYS_SEARCH_USER_PATHS = NO;
				CLANG_ANALYZER_NONNULL = YES;
				CLANG_ANALYZER_NUMBER_OBJECT_CONVERSION = YES_AGGRESSIVE;
				CLANG_CXX_LANGUAGE_STANDARD = "gnu++14";
				CLANG_CXX_LIBRARY = "libc++";
				CLANG_ENABLE_MODULES = YES;
				CLANG_ENABLE_OBJC_ARC = YES;
				CLANG_ENABLE_OBJC_WEAK = YES;
				CLANG_WARN_BLOCK_CAPTURE_AUTORELEASING = YES;
				CLANG_WARN_BOOL_CONVERSION = YES;
				CLANG_WARN_COMMA = YES;
				CLANG_WARN_CONSTANT_CONVERSION = YES;
				CLANG_WARN_DEPRECATED_OBJC_IMPLEMENTATIONS = YES;
				CLANG_WARN_DIRECT_OBJC_ISA_USAGE = YES_ERROR;
				CLANG_WARN_DOCUMENTATION_COMMENTS = YES;
				CLANG_WARN_EMPTY_BODY = YES;
				CLANG_WARN_ENUM_CONVERSION = YES;
				CLANG_WARN_INFINITE_RECURSION = YES;
				CLANG_WARN_INT_CONVERSION = YES;
				CLANG_WARN_NON_LITERAL_NULL_CONVERSION = YES;
				CLANG_WARN_OBJC_IMPLICIT_RETAIN_SELF = YES;
				CLANG_WARN_OBJC_LITERAL_CONVERSION = YES;
				CLANG_WARN_OBJC_ROOT_CLASS = YES_ERROR;
				CLANG_WARN_RANGE_LOOP_ANALYSIS = YES;
				CLANG_WARN_STRICT_PROTOTYPES = YES;
				CLANG_WARN_SUSPICIOUS_MOVE = YES;
				CLANG_WARN_UNGUARDED_AVAILABILITY = YES_AGGRESSIVE;
				CLANG_WARN_UNREACHABLE_CODE = YES;
				CLANG_WARN__DUPLICATE_METHOD_MATCH = YES;
				CODE_SIGN_IDENTITY = "iPhone Developer";
				COPY_PHASE_STRIP = NO;
				DEBUG_INFORMATION_FORMAT = "dwarf-with-dsym";
				ENABLE_NS_ASSERTIONS = NO;
				ENABLE_STRICT_OBJC_MSGSEND = YES;
				GCC_C_LANGUAGE_STANDARD = gnu11;
				GCC_NO_COMMON_BLOCKS = YES;
				GCC_WARN_64_TO_32_BIT_CONVERSION = YES;
				GCC_WARN_ABOUT_RETURN_TYPE = YES_ERROR;
				GCC_WARN_UNDECLARED_SELECTOR = YES;
				GCC_WARN_UNINITIALIZED_AUTOS = YES_AGGRESSIVE;
				GCC_WARN_UNUSED_FUNCTION = YES;
				GCC_WARN_UNUSED_VARIABLE = YES;
				IPHONEOS_DEPLOYMENT_TARGET = 13.0;
				MTL_ENABLE_DEBUG_INFO = NO;
				MTL_FAST_MATH = YES;
				SDKROOT = iphoneos;
				SWIFT_COMPILATION_MODE = wholemodule;
				SWIFT_OPTIMIZATION_LEVEL = "-O";
				VALIDATE_PRODUCT = YES;
			};
			name = Release;
		};
		34744E1E22EDEA9F007F52DC /* Debug */ = {
			isa = XCBuildConfiguration;
			baseConfigurationReference = 587643FE5871BF1FD3AC8A41 /* Pods-CQSwift.debug.xcconfig */;
			buildSettings = {
				ASSETCATALOG_COMPILER_APPICON_NAME = AppIcon;
				CLANG_ENABLE_MODULES = YES;
				CODE_SIGN_STYLE = Manual;
				DEVELOPMENT_TEAM = 9U6QH7T338;
				INFOPLIST_FILE = CQSwift/Info.plist;
				IPHONEOS_DEPLOYMENT_TARGET = 13.0;
				LD_RUNPATH_SEARCH_PATHS = (
					"$(inherited)",
					"@executable_path/Frameworks",
				);
				PRODUCT_BUNDLE_IDENTIFIER = com.ccb.leye.test3;
				PRODUCT_NAME = "$(TARGET_NAME)";
				PROVISIONING_PROFILE_SPECIFIER = wild;
				SWIFT_OBJC_BRIDGING_HEADER = "$(SRCROOT)/CQSwift/header.h";
				SWIFT_OPTIMIZATION_LEVEL = "-Onone";
				SWIFT_VERSION = 5.0;
				TARGETED_DEVICE_FAMILY = 1;
			};
			name = Debug;
		};
		34744E1F22EDEA9F007F52DC /* Release */ = {
			isa = XCBuildConfiguration;
			baseConfigurationReference = 67CD48A612D079967774FEDA /* Pods-CQSwift.release.xcconfig */;
			buildSettings = {
				ASSETCATALOG_COMPILER_APPICON_NAME = AppIcon;
				CLANG_ENABLE_MODULES = YES;
				CODE_SIGN_STYLE = Manual;
				DEVELOPMENT_TEAM = 9U6QH7T338;
				INFOPLIST_FILE = CQSwift/Info.plist;
				IPHONEOS_DEPLOYMENT_TARGET = 13.0;
				LD_RUNPATH_SEARCH_PATHS = (
					"$(inherited)",
					"@executable_path/Frameworks",
				);
				PRODUCT_BUNDLE_IDENTIFIER = com.ccb.leye.test3;
				PRODUCT_NAME = "$(TARGET_NAME)";
				PROVISIONING_PROFILE_SPECIFIER = wild;
				SWIFT_OBJC_BRIDGING_HEADER = "$(SRCROOT)/CQSwift/header.h";
				SWIFT_VERSION = 5.0;
				TARGETED_DEVICE_FAMILY = 1;
			};
			name = Release;
		};
		34744E2122EDEA9F007F52DC /* Debug */ = {
			isa = XCBuildConfiguration;
			buildSettings = {
				ALWAYS_EMBED_SWIFT_STANDARD_LIBRARIES = YES;
				BUNDLE_LOADER = "$(TEST_HOST)";
				CODE_SIGN_STYLE = Automatic;
				DEVELOPMENT_TEAM = U8A26JGV9K;
				INFOPLIST_FILE = CQSwiftTests/Info.plist;
				LD_RUNPATH_SEARCH_PATHS = (
					"$(inherited)",
					"@executable_path/Frameworks",
					"@loader_path/Frameworks",
				);
				PRODUCT_BUNDLE_IDENTIFIER = com.CQSwiftTests;
				PRODUCT_NAME = "$(TARGET_NAME)";
				SWIFT_VERSION = 5.0;
				TARGETED_DEVICE_FAMILY = "1,2";
				TEST_HOST = "$(BUILT_PRODUCTS_DIR)/CQSwift.app/CQSwift";
			};
			name = Debug;
		};
		34744E2222EDEA9F007F52DC /* Release */ = {
			isa = XCBuildConfiguration;
			buildSettings = {
				ALWAYS_EMBED_SWIFT_STANDARD_LIBRARIES = YES;
				BUNDLE_LOADER = "$(TEST_HOST)";
				CODE_SIGN_STYLE = Automatic;
				DEVELOPMENT_TEAM = U8A26JGV9K;
				INFOPLIST_FILE = CQSwiftTests/Info.plist;
				LD_RUNPATH_SEARCH_PATHS = (
					"$(inherited)",
					"@executable_path/Frameworks",
					"@loader_path/Frameworks",
				);
				PRODUCT_BUNDLE_IDENTIFIER = com.CQSwiftTests;
				PRODUCT_NAME = "$(TARGET_NAME)";
				SWIFT_VERSION = 5.0;
				TARGETED_DEVICE_FAMILY = "1,2";
				TEST_HOST = "$(BUILT_PRODUCTS_DIR)/CQSwift.app/CQSwift";
			};
			name = Release;
		};
		34744E2422EDEA9F007F52DC /* Debug */ = {
			isa = XCBuildConfiguration;
			buildSettings = {
				ALWAYS_EMBED_SWIFT_STANDARD_LIBRARIES = YES;
				CODE_SIGN_STYLE = Automatic;
				DEVELOPMENT_TEAM = U8A26JGV9K;
				INFOPLIST_FILE = CQSwiftUITests/Info.plist;
				LD_RUNPATH_SEARCH_PATHS = (
					"$(inherited)",
					"@executable_path/Frameworks",
					"@loader_path/Frameworks",
				);
				PRODUCT_BUNDLE_IDENTIFIER = com.CQSwiftUITests;
				PRODUCT_NAME = "$(TARGET_NAME)";
				SWIFT_VERSION = 5.0;
				TARGETED_DEVICE_FAMILY = "1,2";
				TEST_TARGET_NAME = CQSwift;
			};
			name = Debug;
		};
		34744E2522EDEA9F007F52DC /* Release */ = {
			isa = XCBuildConfiguration;
			buildSettings = {
				ALWAYS_EMBED_SWIFT_STANDARD_LIBRARIES = YES;
				CODE_SIGN_STYLE = Automatic;
				DEVELOPMENT_TEAM = U8A26JGV9K;
				INFOPLIST_FILE = CQSwiftUITests/Info.plist;
				LD_RUNPATH_SEARCH_PATHS = (
					"$(inherited)",
					"@executable_path/Frameworks",
					"@loader_path/Frameworks",
				);
				PRODUCT_BUNDLE_IDENTIFIER = com.CQSwiftUITests;
				PRODUCT_NAME = "$(TARGET_NAME)";
				SWIFT_VERSION = 5.0;
				TARGETED_DEVICE_FAMILY = "1,2";
				TEST_TARGET_NAME = CQSwift;
			};
			name = Release;
		};
/* End XCBuildConfiguration section */

/* Begin XCConfigurationList section */
		34744DF022EDEA9D007F52DC /* Build configuration list for PBXProject "CQSwift" */ = {
			isa = XCConfigurationList;
			buildConfigurations = (
				34744E1B22EDEA9F007F52DC /* Debug */,
				34744E1C22EDEA9F007F52DC /* Release */,
			);
			defaultConfigurationIsVisible = 0;
			defaultConfigurationName = Release;
		};
		34744E1D22EDEA9F007F52DC /* Build configuration list for PBXNativeTarget "CQSwift" */ = {
			isa = XCConfigurationList;
			buildConfigurations = (
				34744E1E22EDEA9F007F52DC /* Debug */,
				34744E1F22EDEA9F007F52DC /* Release */,
			);
			defaultConfigurationIsVisible = 0;
			defaultConfigurationName = Release;
		};
		34744E2022EDEA9F007F52DC /* Build configuration list for PBXNativeTarget "CQSwiftTests" */ = {
			isa = XCConfigurationList;
			buildConfigurations = (
				34744E2122EDEA9F007F52DC /* Debug */,
				34744E2222EDEA9F007F52DC /* Release */,
			);
			defaultConfigurationIsVisible = 0;
			defaultConfigurationName = Release;
		};
		34744E2322EDEA9F007F52DC /* Build configuration list for PBXNativeTarget "CQSwiftUITests" */ = {
			isa = XCConfigurationList;
			buildConfigurations = (
				34744E2422EDEA9F007F52DC /* Debug */,
				34744E2522EDEA9F007F52DC /* Release */,
			);
			defaultConfigurationIsVisible = 0;
			defaultConfigurationName = Release;
		};
/* End XCConfigurationList section */

/* Begin XCVersionGroup section */
		24CD3ABE243EC8A900BB4D10 /* CQSwiftData.xcdatamodeld */ = {
			isa = XCVersionGroup;
			children = (
				24CD3ABF243EC8A900BB4D10 /* CQSwiftData.xcdatamodel */,
			);
			currentVersion = 24CD3ABF243EC8A900BB4D10 /* CQSwiftData.xcdatamodel */;
			path = CQSwiftData.xcdatamodeld;
			sourceTree = "<group>";
			versionGroupType = wrapper.xcdatamodel;
		};
/* End XCVersionGroup section */
	};
	rootObject = 34744DED22EDEA9D007F52DC /* Project object */;
}
